// !$*UTF8*$!
{
	archiveVersion = 1;
	classes = {
	};
	objectVersion = 55;
	objects = {

/* Begin PBXBuildFile section */
		2F36A71E277DA2FA005D27BF /* AppDelegate.swift in Sources */ = {isa = PBXBuildFile; fileRef = 2F36A71D277DA2FA005D27BF /* AppDelegate.swift */; };
		2F36A727277DA2FB005D27BF /* Assets.xcassets in Resources */ = {isa = PBXBuildFile; fileRef = 2F36A726277DA2FB005D27BF /* Assets.xcassets */; };
		2F36A72A277DA2FB005D27BF /* LaunchScreen.storyboard in Resources */ = {isa = PBXBuildFile; fileRef = 2F36A728277DA2FB005D27BF /* LaunchScreen.storyboard */; };
		2F36A735277DA2FB005D27BF /* DictionaryAppTests.swift in Sources */ = {isa = PBXBuildFile; fileRef = 2F36A734277DA2FB005D27BF /* DictionaryAppTests.swift */; };
		2F36A73F277DA2FB005D27BF /* DictionaryAppUITests.swift in Sources */ = {isa = PBXBuildFile; fileRef = 2F36A73E277DA2FB005D27BF /* DictionaryAppUITests.swift */; };
		2F36A741277DA2FB005D27BF /* DictionaryAppUITestsLaunchTests.swift in Sources */ = {isa = PBXBuildFile; fileRef = 2F36A740277DA2FB005D27BF /* DictionaryAppUITestsLaunchTests.swift */; };
		2F36A753277DA7AB005D27BF /* Markers.swift in Sources */ = {isa = PBXBuildFile; fileRef = 2F36A752277DA7AB005D27BF /* Markers.swift */; };
		2F36A785277DA7BF005D27BF /* NoContext.swift in Sources */ = {isa = PBXBuildFile; fileRef = 2F36A756277DA7BF005D27BF /* NoContext.swift */; };
		2F36A786277DA7BF005D27BF /* Context.swift in Sources */ = {isa = PBXBuildFile; fileRef = 2F36A757277DA7BF005D27BF /* Context.swift */; };
		2F36A787277DA7BF005D27BF /* Applicable.swift in Sources */ = {isa = PBXBuildFile; fileRef = 2F36A759277DA7BF005D27BF /* Applicable.swift */; };
		2F36A788277DA7BF005D27BF /* ClassNameType.swift in Sources */ = {isa = PBXBuildFile; fileRef = 2F36A75A277DA7BF005D27BF /* ClassNameType.swift */; };
		2F36A789277DA7BF005D27BF /* Runnable.swift in Sources */ = {isa = PBXBuildFile; fileRef = 2F36A75B277DA7BF005D27BF /* Runnable.swift */; };
		2F36A78A277DA7BF005D27BF /* AlertStyle.swift in Sources */ = {isa = PBXBuildFile; fileRef = 2F36A75D277DA7BF005D27BF /* AlertStyle.swift */; };
		2F36A78B277DA7BF005D27BF /* AlertConfiguration.swift in Sources */ = {isa = PBXBuildFile; fileRef = 2F36A75E277DA7BF005D27BF /* AlertConfiguration.swift */; };
		2F36A78C277DA7BF005D27BF /* AlertPosition.swift in Sources */ = {isa = PBXBuildFile; fileRef = 2F36A75F277DA7BF005D27BF /* AlertPosition.swift */; };
		2F36A78D277DA7BF005D27BF /* AlertPresentable.swift in Sources */ = {isa = PBXBuildFile; fileRef = 2F36A760277DA7BF005D27BF /* AlertPresentable.swift */; };
		2F36A78E277DA7BF005D27BF /* AlertConfigurationBlock.swift in Sources */ = {isa = PBXBuildFile; fileRef = 2F36A761277DA7BF005D27BF /* AlertConfigurationBlock.swift */; };
		2F36A78F277DA7BF005D27BF /* NavigatorType.swift in Sources */ = {isa = PBXBuildFile; fileRef = 2F36A763277DA7BF005D27BF /* NavigatorType.swift */; };
		2F36A790277DA7BF005D27BF /* SingleNavigatorType.swift in Sources */ = {isa = PBXBuildFile; fileRef = 2F36A764277DA7BF005D27BF /* SingleNavigatorType.swift */; };
		2F36A791277DA7BF005D27BF /* EmptyNavigator.swift in Sources */ = {isa = PBXBuildFile; fileRef = 2F36A765277DA7BF005D27BF /* EmptyNavigator.swift */; };
		2F36A792277DA7BF005D27BF /* StackNavigatorType.swift in Sources */ = {isa = PBXBuildFile; fileRef = 2F36A766277DA7BF005D27BF /* StackNavigatorType.swift */; };
		2F36A793277DA7BF005D27BF /* ModalNavigatorType.swift in Sources */ = {isa = PBXBuildFile; fileRef = 2F36A767277DA7BF005D27BF /* ModalNavigatorType.swift */; };
		2F36A794277DA7BF005D27BF /* CoordinatorType.swift in Sources */ = {isa = PBXBuildFile; fileRef = 2F36A769277DA7BF005D27BF /* CoordinatorType.swift */; };
		2F36A795277DA7BF005D27BF /* AutoCoordinatorType.swift in Sources */ = {isa = PBXBuildFile; fileRef = 2F36A76A277DA7BF005D27BF /* AutoCoordinatorType.swift */; };
		2F36A796277DA7BF005D27BF /* SimpleUnit.swift in Sources */ = {isa = PBXBuildFile; fileRef = 2F36A76D277DA7BF005D27BF /* SimpleUnit.swift */; };
		2F36A797277DA7BF005D27BF /* UnitType.swift in Sources */ = {isa = PBXBuildFile; fileRef = 2F36A76E277DA7BF005D27BF /* UnitType.swift */; };
		2F36A798277DA7BF005D27BF /* PresenterType.swift in Sources */ = {isa = PBXBuildFile; fileRef = 2F36A770277DA7BF005D27BF /* PresenterType.swift */; };
		2F36A799277DA7BF005D27BF /* PresentaerAttachable.swift in Sources */ = {isa = PBXBuildFile; fileRef = 2F36A771277DA7BF005D27BF /* PresentaerAttachable.swift */; };
		2F36A79A277DA7BF005D27BF /* AnyPresenter.swift in Sources */ = {isa = PBXBuildFile; fileRef = 2F36A772277DA7BF005D27BF /* AnyPresenter.swift */; };
		2F36A79B277DA7BF005D27BF /* AnyRouter.swift in Sources */ = {isa = PBXBuildFile; fileRef = 2F36A774277DA7BF005D27BF /* AnyRouter.swift */; };
		2F36A79C277DA7BF005D27BF /* RouterType.swift in Sources */ = {isa = PBXBuildFile; fileRef = 2F36A775277DA7BF005D27BF /* RouterType.swift */; };
		2F36A79D277DA7BF005D27BF /* RouterType+AnyRouter+extension.swift in Sources */ = {isa = PBXBuildFile; fileRef = 2F36A776277DA7BF005D27BF /* RouterType+AnyRouter+extension.swift */; };
		2F36A79E277DA7BF005D27BF /* ShadowStyle.swift in Sources */ = {isa = PBXBuildFile; fileRef = 2F36A779277DA7BF005D27BF /* ShadowStyle.swift */; };
		2F36A79F277DA7BF005D27BF /* ShadowStyleApplicable.swift in Sources */ = {isa = PBXBuildFile; fileRef = 2F36A77A277DA7BF005D27BF /* ShadowStyleApplicable.swift */; };
		2F36A7A0277DA7BF005D27BF /* UIKit+ShadowStyleApplicable.swift in Sources */ = {isa = PBXBuildFile; fileRef = 2F36A77B277DA7BF005D27BF /* UIKit+ShadowStyleApplicable.swift */; };
		2F36A7A1277DA7BF005D27BF /* TextStyle.swift in Sources */ = {isa = PBXBuildFile; fileRef = 2F36A77D277DA7BF005D27BF /* TextStyle.swift */; };
		2F36A7A2277DA7BF005D27BF /* TextStyleApplicable.swift in Sources */ = {isa = PBXBuildFile; fileRef = 2F36A77E277DA7BF005D27BF /* TextStyleApplicable.swift */; };
		2F36A7A3277DA7BF005D27BF /* ViewStyleFatory.swift in Sources */ = {isa = PBXBuildFile; fileRef = 2F36A780277DA7BF005D27BF /* ViewStyleFatory.swift */; };
		2F36A7A4277DA7BF005D27BF /* ViewStyleApplicable.swift in Sources */ = {isa = PBXBuildFile; fileRef = 2F36A782277DA7BF005D27BF /* ViewStyleApplicable.swift */; };
		2F36A7A5277DA7BF005D27BF /* UIKit+ViewStyleApplicable+extension.swift in Sources */ = {isa = PBXBuildFile; fileRef = 2F36A783277DA7BF005D27BF /* UIKit+ViewStyleApplicable+extension.swift */; };
		2F36A7A6277DA7BF005D27BF /* ViewStyle.swift in Sources */ = {isa = PBXBuildFile; fileRef = 2F36A784277DA7BF005D27BF /* ViewStyle.swift */; };
		2F36A7AA277DAE9B005D27BF /* AutoProperties.generated.swift in Sources */ = {isa = PBXBuildFile; fileRef = 2F36A7A8277DAE9B005D27BF /* AutoProperties.generated.swift */; };
		2F36A7AB277DAE9B005D27BF /* AutoCoordinator.generated.swift in Sources */ = {isa = PBXBuildFile; fileRef = 2F36A7A9277DAE9B005D27BF /* AutoCoordinator.generated.swift */; };
		2F36A7AE277DB01D005D27BF /* Assets.generated.swift in Sources */ = {isa = PBXBuildFile; fileRef = 2F36A7AD277DB01D005D27BF /* Assets.generated.swift */; };
		2F36A7B6277DB316005D27BF /* Localizable.strings in Resources */ = {isa = PBXBuildFile; fileRef = 2F36A7B0277DB316005D27BF /* Localizable.strings */; };
		2F36A7B7277DB316005D27BF /* GSln.generated.swift in Sources */ = {isa = PBXBuildFile; fileRef = 2F36A7B3277DB316005D27BF /* GSln.generated.swift */; };
		4CC65F3B39BA6DFC6775D73D /* Pods_DictionaryApp_DictionaryAppUITests.framework in Frameworks */ = {isa = PBXBuildFile; fileRef = 28FA81084E91606EBBB35C6A /* Pods_DictionaryApp_DictionaryAppUITests.framework */; };
		533E2527163BFA54A66AAEB1 /* Pods_DictionaryApp.framework in Frameworks */ = {isa = PBXBuildFile; fileRef = D758BD259914748FFCFFEDF2 /* Pods_DictionaryApp.framework */; };
		7AB3FF10DA4084740C88B8B5 /* Pods_DictionaryAppTests.framework in Frameworks */ = {isa = PBXBuildFile; fileRef = B483A68D27AD82A3603286EC /* Pods_DictionaryAppTests.framework */; };
/* End PBXBuildFile section */

/* Begin PBXContainerItemProxy section */
		2F36A731277DA2FB005D27BF /* PBXContainerItemProxy */ = {
			isa = PBXContainerItemProxy;
			containerPortal = 2F36A712277DA2FA005D27BF /* Project object */;
			proxyType = 1;
			remoteGlobalIDString = 2F36A719277DA2FA005D27BF;
			remoteInfo = DictionaryApp;
		};
		2F36A73B277DA2FB005D27BF /* PBXContainerItemProxy */ = {
			isa = PBXContainerItemProxy;
			containerPortal = 2F36A712277DA2FA005D27BF /* Project object */;
			proxyType = 1;
			remoteGlobalIDString = 2F36A719277DA2FA005D27BF;
			remoteInfo = DictionaryApp;
		};
/* End PBXContainerItemProxy section */

/* Begin PBXFileReference section */
		1331B2DE044FE31DD2DC3C2F /* Pods-DictionaryAppTests.release.xcconfig */ = {isa = PBXFileReference; includeInIndex = 1; lastKnownFileType = text.xcconfig; name = "Pods-DictionaryAppTests.release.xcconfig"; path = "Target Support Files/Pods-DictionaryAppTests/Pods-DictionaryAppTests.release.xcconfig"; sourceTree = "<group>"; };
		28FA81084E91606EBBB35C6A /* Pods_DictionaryApp_DictionaryAppUITests.framework */ = {isa = PBXFileReference; explicitFileType = wrapper.framework; includeInIndex = 0; path = Pods_DictionaryApp_DictionaryAppUITests.framework; sourceTree = BUILT_PRODUCTS_DIR; };
		2F36A71A277DA2FA005D27BF /* DictionaryApp.app */ = {isa = PBXFileReference; explicitFileType = wrapper.application; includeInIndex = 0; path = DictionaryApp.app; sourceTree = BUILT_PRODUCTS_DIR; };
		2F36A71D277DA2FA005D27BF /* AppDelegate.swift */ = {isa = PBXFileReference; lastKnownFileType = sourcecode.swift; path = AppDelegate.swift; sourceTree = "<group>"; };
		2F36A726277DA2FB005D27BF /* Assets.xcassets */ = {isa = PBXFileReference; lastKnownFileType = folder.assetcatalog; path = Assets.xcassets; sourceTree = "<group>"; };
		2F36A729277DA2FB005D27BF /* Base */ = {isa = PBXFileReference; lastKnownFileType = file.storyboard; name = Base; path = Base.lproj/LaunchScreen.storyboard; sourceTree = "<group>"; };
		2F36A72B277DA2FB005D27BF /* Info.plist */ = {isa = PBXFileReference; lastKnownFileType = text.plist.xml; path = Info.plist; sourceTree = "<group>"; };
		2F36A730277DA2FB005D27BF /* DictionaryAppTests.xctest */ = {isa = PBXFileReference; explicitFileType = wrapper.cfbundle; includeInIndex = 0; path = DictionaryAppTests.xctest; sourceTree = BUILT_PRODUCTS_DIR; };
		2F36A734277DA2FB005D27BF /* DictionaryAppTests.swift */ = {isa = PBXFileReference; lastKnownFileType = sourcecode.swift; path = DictionaryAppTests.swift; sourceTree = "<group>"; };
		2F36A73A277DA2FB005D27BF /* DictionaryAppUITests.xctest */ = {isa = PBXFileReference; explicitFileType = wrapper.cfbundle; includeInIndex = 0; path = DictionaryAppUITests.xctest; sourceTree = BUILT_PRODUCTS_DIR; };
		2F36A73E277DA2FB005D27BF /* DictionaryAppUITests.swift */ = {isa = PBXFileReference; lastKnownFileType = sourcecode.swift; path = DictionaryAppUITests.swift; sourceTree = "<group>"; };
		2F36A740277DA2FB005D27BF /* DictionaryAppUITestsLaunchTests.swift */ = {isa = PBXFileReference; lastKnownFileType = sourcecode.swift; path = DictionaryAppUITestsLaunchTests.swift; sourceTree = "<group>"; };
		2F36A752277DA7AB005D27BF /* Markers.swift */ = {isa = PBXFileReference; fileEncoding = 4; lastKnownFileType = sourcecode.swift; path = Markers.swift; sourceTree = "<group>"; };
		2F36A756277DA7BF005D27BF /* NoContext.swift */ = {isa = PBXFileReference; fileEncoding = 4; lastKnownFileType = sourcecode.swift; path = NoContext.swift; sourceTree = "<group>"; };
		2F36A757277DA7BF005D27BF /* Context.swift */ = {isa = PBXFileReference; fileEncoding = 4; lastKnownFileType = sourcecode.swift; path = Context.swift; sourceTree = "<group>"; };
		2F36A759277DA7BF005D27BF /* Applicable.swift */ = {isa = PBXFileReference; fileEncoding = 4; lastKnownFileType = sourcecode.swift; path = Applicable.swift; sourceTree = "<group>"; };
		2F36A75A277DA7BF005D27BF /* ClassNameType.swift */ = {isa = PBXFileReference; fileEncoding = 4; lastKnownFileType = sourcecode.swift; path = ClassNameType.swift; sourceTree = "<group>"; };
		2F36A75B277DA7BF005D27BF /* Runnable.swift */ = {isa = PBXFileReference; fileEncoding = 4; lastKnownFileType = sourcecode.swift; path = Runnable.swift; sourceTree = "<group>"; };
		2F36A75D277DA7BF005D27BF /* AlertStyle.swift */ = {isa = PBXFileReference; fileEncoding = 4; lastKnownFileType = sourcecode.swift; path = AlertStyle.swift; sourceTree = "<group>"; };
		2F36A75E277DA7BF005D27BF /* AlertConfiguration.swift */ = {isa = PBXFileReference; fileEncoding = 4; lastKnownFileType = sourcecode.swift; path = AlertConfiguration.swift; sourceTree = "<group>"; };
		2F36A75F277DA7BF005D27BF /* AlertPosition.swift */ = {isa = PBXFileReference; fileEncoding = 4; lastKnownFileType = sourcecode.swift; path = AlertPosition.swift; sourceTree = "<group>"; };
		2F36A760277DA7BF005D27BF /* AlertPresentable.swift */ = {isa = PBXFileReference; fileEncoding = 4; lastKnownFileType = sourcecode.swift; path = AlertPresentable.swift; sourceTree = "<group>"; };
		2F36A761277DA7BF005D27BF /* AlertConfigurationBlock.swift */ = {isa = PBXFileReference; fileEncoding = 4; lastKnownFileType = sourcecode.swift; path = AlertConfigurationBlock.swift; sourceTree = "<group>"; };
		2F36A763277DA7BF005D27BF /* NavigatorType.swift */ = {isa = PBXFileReference; fileEncoding = 4; lastKnownFileType = sourcecode.swift; path = NavigatorType.swift; sourceTree = "<group>"; };
		2F36A764277DA7BF005D27BF /* SingleNavigatorType.swift */ = {isa = PBXFileReference; fileEncoding = 4; lastKnownFileType = sourcecode.swift; path = SingleNavigatorType.swift; sourceTree = "<group>"; };
		2F36A765277DA7BF005D27BF /* EmptyNavigator.swift */ = {isa = PBXFileReference; fileEncoding = 4; lastKnownFileType = sourcecode.swift; path = EmptyNavigator.swift; sourceTree = "<group>"; };
		2F36A766277DA7BF005D27BF /* StackNavigatorType.swift */ = {isa = PBXFileReference; fileEncoding = 4; lastKnownFileType = sourcecode.swift; path = StackNavigatorType.swift; sourceTree = "<group>"; };
		2F36A767277DA7BF005D27BF /* ModalNavigatorType.swift */ = {isa = PBXFileReference; fileEncoding = 4; lastKnownFileType = sourcecode.swift; path = ModalNavigatorType.swift; sourceTree = "<group>"; };
		2F36A769277DA7BF005D27BF /* CoordinatorType.swift */ = {isa = PBXFileReference; fileEncoding = 4; lastKnownFileType = sourcecode.swift; path = CoordinatorType.swift; sourceTree = "<group>"; };
		2F36A76A277DA7BF005D27BF /* AutoCoordinatorType.swift */ = {isa = PBXFileReference; fileEncoding = 4; lastKnownFileType = sourcecode.swift; path = AutoCoordinatorType.swift; sourceTree = "<group>"; };
		2F36A76D277DA7BF005D27BF /* SimpleUnit.swift */ = {isa = PBXFileReference; fileEncoding = 4; lastKnownFileType = sourcecode.swift; path = SimpleUnit.swift; sourceTree = "<group>"; };
		2F36A76E277DA7BF005D27BF /* UnitType.swift */ = {isa = PBXFileReference; fileEncoding = 4; lastKnownFileType = sourcecode.swift; path = UnitType.swift; sourceTree = "<group>"; };
		2F36A770277DA7BF005D27BF /* PresenterType.swift */ = {isa = PBXFileReference; fileEncoding = 4; lastKnownFileType = sourcecode.swift; path = PresenterType.swift; sourceTree = "<group>"; };
		2F36A771277DA7BF005D27BF /* PresentaerAttachable.swift */ = {isa = PBXFileReference; fileEncoding = 4; lastKnownFileType = sourcecode.swift; path = PresentaerAttachable.swift; sourceTree = "<group>"; };
		2F36A772277DA7BF005D27BF /* AnyPresenter.swift */ = {isa = PBXFileReference; fileEncoding = 4; lastKnownFileType = sourcecode.swift; path = AnyPresenter.swift; sourceTree = "<group>"; };
		2F36A774277DA7BF005D27BF /* AnyRouter.swift */ = {isa = PBXFileReference; fileEncoding = 4; lastKnownFileType = sourcecode.swift; path = AnyRouter.swift; sourceTree = "<group>"; };
		2F36A775277DA7BF005D27BF /* RouterType.swift */ = {isa = PBXFileReference; fileEncoding = 4; lastKnownFileType = sourcecode.swift; path = RouterType.swift; sourceTree = "<group>"; };
		2F36A776277DA7BF005D27BF /* RouterType+AnyRouter+extension.swift */ = {isa = PBXFileReference; fileEncoding = 4; lastKnownFileType = sourcecode.swift; path = "RouterType+AnyRouter+extension.swift"; sourceTree = "<group>"; };
		2F36A779277DA7BF005D27BF /* ShadowStyle.swift */ = {isa = PBXFileReference; fileEncoding = 4; lastKnownFileType = sourcecode.swift; path = ShadowStyle.swift; sourceTree = "<group>"; };
		2F36A77A277DA7BF005D27BF /* ShadowStyleApplicable.swift */ = {isa = PBXFileReference; fileEncoding = 4; lastKnownFileType = sourcecode.swift; path = ShadowStyleApplicable.swift; sourceTree = "<group>"; };
		2F36A77B277DA7BF005D27BF /* UIKit+ShadowStyleApplicable.swift */ = {isa = PBXFileReference; fileEncoding = 4; lastKnownFileType = sourcecode.swift; path = "UIKit+ShadowStyleApplicable.swift"; sourceTree = "<group>"; };
		2F36A77D277DA7BF005D27BF /* TextStyle.swift */ = {isa = PBXFileReference; fileEncoding = 4; lastKnownFileType = sourcecode.swift; path = TextStyle.swift; sourceTree = "<group>"; };
		2F36A77E277DA7BF005D27BF /* TextStyleApplicable.swift */ = {isa = PBXFileReference; fileEncoding = 4; lastKnownFileType = sourcecode.swift; path = TextStyleApplicable.swift; sourceTree = "<group>"; };
		2F36A780277DA7BF005D27BF /* ViewStyleFatory.swift */ = {isa = PBXFileReference; fileEncoding = 4; lastKnownFileType = sourcecode.swift; path = ViewStyleFatory.swift; sourceTree = "<group>"; };
		2F36A782277DA7BF005D27BF /* ViewStyleApplicable.swift */ = {isa = PBXFileReference; fileEncoding = 4; lastKnownFileType = sourcecode.swift; path = ViewStyleApplicable.swift; sourceTree = "<group>"; };
		2F36A783277DA7BF005D27BF /* UIKit+ViewStyleApplicable+extension.swift */ = {isa = PBXFileReference; fileEncoding = 4; lastKnownFileType = sourcecode.swift; path = "UIKit+ViewStyleApplicable+extension.swift"; sourceTree = "<group>"; };
		2F36A784277DA7BF005D27BF /* ViewStyle.swift */ = {isa = PBXFileReference; fileEncoding = 4; lastKnownFileType = sourcecode.swift; path = ViewStyle.swift; sourceTree = "<group>"; };
		2F36A7A8277DAE9B005D27BF /* AutoProperties.generated.swift */ = {isa = PBXFileReference; fileEncoding = 4; lastKnownFileType = sourcecode.swift; path = AutoProperties.generated.swift; sourceTree = "<group>"; };
		2F36A7A9277DAE9B005D27BF /* AutoCoordinator.generated.swift */ = {isa = PBXFileReference; fileEncoding = 4; lastKnownFileType = sourcecode.swift; path = AutoCoordinator.generated.swift; sourceTree = "<group>"; };
		2F36A7AD277DB01D005D27BF /* Assets.generated.swift */ = {isa = PBXFileReference; fileEncoding = 4; lastKnownFileType = sourcecode.swift; path = Assets.generated.swift; sourceTree = "<group>"; };
		2F36A7B1277DB316005D27BF /* yi */ = {isa = PBXFileReference; lastKnownFileType = text.plist.strings; name = yi; path = yi.lproj/Localizable.strings; sourceTree = "<group>"; };
		2F36A7B2277DB316005D27BF /* en */ = {isa = PBXFileReference; lastKnownFileType = text.plist.strings; name = en; path = en.lproj/Localizable.strings; sourceTree = "<group>"; };
		2F36A7B3277DB316005D27BF /* GSln.generated.swift */ = {isa = PBXFileReference; fileEncoding = 4; lastKnownFileType = sourcecode.swift; path = GSln.generated.swift; sourceTree = "<group>"; };
		2F36A7B4277DB316005D27BF /* ru */ = {isa = PBXFileReference; lastKnownFileType = text.plist.strings; name = ru; path = ru.lproj/Localizable.strings; sourceTree = "<group>"; };
		2F36A7B5277DB316005D27BF /* fr */ = {isa = PBXFileReference; lastKnownFileType = text.plist.strings; name = fr; path = fr.lproj/Localizable.strings; sourceTree = "<group>"; };
		334062081109C8FF548E7B65 /* Pods-DictionaryAppTests.debug.xcconfig */ = {isa = PBXFileReference; includeInIndex = 1; lastKnownFileType = text.xcconfig; name = "Pods-DictionaryAppTests.debug.xcconfig"; path = "Target Support Files/Pods-DictionaryAppTests/Pods-DictionaryAppTests.debug.xcconfig"; sourceTree = "<group>"; };
		603B6934FB4216E7F513AE14 /* Pods-DictionaryApp.release.xcconfig */ = {isa = PBXFileReference; includeInIndex = 1; lastKnownFileType = text.xcconfig; name = "Pods-DictionaryApp.release.xcconfig"; path = "Target Support Files/Pods-DictionaryApp/Pods-DictionaryApp.release.xcconfig"; sourceTree = "<group>"; };
		6789DF65AA1F1A0DFCF9F8E2 /* Pods-DictionaryApp.debug.xcconfig */ = {isa = PBXFileReference; includeInIndex = 1; lastKnownFileType = text.xcconfig; name = "Pods-DictionaryApp.debug.xcconfig"; path = "Target Support Files/Pods-DictionaryApp/Pods-DictionaryApp.debug.xcconfig"; sourceTree = "<group>"; };
		939E26C0CB7EEBA2EA0E16AD /* Pods-DictionaryApp-DictionaryAppUITests.debug.xcconfig */ = {isa = PBXFileReference; includeInIndex = 1; lastKnownFileType = text.xcconfig; name = "Pods-DictionaryApp-DictionaryAppUITests.debug.xcconfig"; path = "Target Support Files/Pods-DictionaryApp-DictionaryAppUITests/Pods-DictionaryApp-DictionaryAppUITests.debug.xcconfig"; sourceTree = "<group>"; };
		9A8E86EE1B08A7A6FF077E75 /* Pods-DictionaryApp-DictionaryAppUITests.release.xcconfig */ = {isa = PBXFileReference; includeInIndex = 1; lastKnownFileType = text.xcconfig; name = "Pods-DictionaryApp-DictionaryAppUITests.release.xcconfig"; path = "Target Support Files/Pods-DictionaryApp-DictionaryAppUITests/Pods-DictionaryApp-DictionaryAppUITests.release.xcconfig"; sourceTree = "<group>"; };
		B483A68D27AD82A3603286EC /* Pods_DictionaryAppTests.framework */ = {isa = PBXFileReference; explicitFileType = wrapper.framework; includeInIndex = 0; path = Pods_DictionaryAppTests.framework; sourceTree = BUILT_PRODUCTS_DIR; };
		D758BD259914748FFCFFEDF2 /* Pods_DictionaryApp.framework */ = {isa = PBXFileReference; explicitFileType = wrapper.framework; includeInIndex = 0; path = Pods_DictionaryApp.framework; sourceTree = BUILT_PRODUCTS_DIR; };
/* End PBXFileReference section */

/* Begin PBXFrameworksBuildPhase section */
		2F36A717277DA2FA005D27BF /* Frameworks */ = {
			isa = PBXFrameworksBuildPhase;
			buildActionMask = 2147483647;
			files = (
				533E2527163BFA54A66AAEB1 /* Pods_DictionaryApp.framework in Frameworks */,
			);
			runOnlyForDeploymentPostprocessing = 0;
		};
		2F36A72D277DA2FB005D27BF /* Frameworks */ = {
			isa = PBXFrameworksBuildPhase;
			buildActionMask = 2147483647;
			files = (
				7AB3FF10DA4084740C88B8B5 /* Pods_DictionaryAppTests.framework in Frameworks */,
			);
			runOnlyForDeploymentPostprocessing = 0;
		};
		2F36A737277DA2FB005D27BF /* Frameworks */ = {
			isa = PBXFrameworksBuildPhase;
			buildActionMask = 2147483647;
			files = (
				4CC65F3B39BA6DFC6775D73D /* Pods_DictionaryApp_DictionaryAppUITests.framework in Frameworks */,
			);
			runOnlyForDeploymentPostprocessing = 0;
		};
/* End PBXFrameworksBuildPhase section */

/* Begin PBXGroup section */
		2F36A711277DA2FA005D27BF = {
			isa = PBXGroup;
			children = (
				2F36A71C277DA2FA005D27BF /* DictionaryApp */,
				2F36A733277DA2FB005D27BF /* DictionaryAppTests */,
				2F36A73D277DA2FB005D27BF /* DictionaryAppUITests */,
				2F36A71B277DA2FA005D27BF /* Products */,
				F596750F840BEF5D51C82150 /* Pods */,
				60994C272CAF4BA25996BCA9 /* Frameworks */,
			);
			sourceTree = "<group>";
		};
		2F36A71B277DA2FA005D27BF /* Products */ = {
			isa = PBXGroup;
			children = (
				2F36A71A277DA2FA005D27BF /* DictionaryApp.app */,
				2F36A730277DA2FB005D27BF /* DictionaryAppTests.xctest */,
				2F36A73A277DA2FB005D27BF /* DictionaryAppUITests.xctest */,
			);
			name = Products;
			sourceTree = "<group>";
		};
		2F36A71C277DA2FA005D27BF /* DictionaryApp */ = {
			isa = PBXGroup;
			children = (
				2F36A74D277DA312005D27BF /* Root */,
				2F36A754277DA7BF005D27BF /* Tools */,
				A1DCF586FF0F48913204943A /* Scenes */,
				2F36A751277DA7AB005D27BF /* Autogenerated */,
				2F36A74E277DA31D005D27BF /* SupportedFiles */,
			);
			path = DictionaryApp;
			sourceTree = "<group>";
		};
		2F36A733277DA2FB005D27BF /* DictionaryAppTests */ = {
			isa = PBXGroup;
			children = (
				2F36A734277DA2FB005D27BF /* DictionaryAppTests.swift */,
			);
			path = DictionaryAppTests;
			sourceTree = "<group>";
		};
		2F36A73D277DA2FB005D27BF /* DictionaryAppUITests */ = {
			isa = PBXGroup;
			children = (
				2F36A73E277DA2FB005D27BF /* DictionaryAppUITests.swift */,
				2F36A740277DA2FB005D27BF /* DictionaryAppUITestsLaunchTests.swift */,
			);
			path = DictionaryAppUITests;
			sourceTree = "<group>";
		};
		2F36A74D277DA312005D27BF /* Root */ = {
			isa = PBXGroup;
			children = (
				2F36A71D277DA2FA005D27BF /* AppDelegate.swift */,
			);
			path = Root;
			sourceTree = "<group>";
		};
		2F36A74E277DA31D005D27BF /* SupportedFiles */ = {
			isa = PBXGroup;
			children = (
				2F36A726277DA2FB005D27BF /* Assets.xcassets */,
				2F36A728277DA2FB005D27BF /* LaunchScreen.storyboard */,
				2F36A72B277DA2FB005D27BF /* Info.plist */,
			);
			path = SupportedFiles;
			sourceTree = "<group>";
		};
		2F36A751277DA7AB005D27BF /* Autogenerated */ = {
			isa = PBXGroup;
			children = (
				2F36A7AF277DB316005D27BF /* GoogleSheetLocalization */,
				2F36A752277DA7AB005D27BF /* Markers.swift */,
				2F36A7AD277DB01D005D27BF /* Assets.generated.swift */,
				2F36A7A9277DAE9B005D27BF /* AutoCoordinator.generated.swift */,
				2F36A7A8277DAE9B005D27BF /* AutoProperties.generated.swift */,
			);
			path = Autogenerated;
			sourceTree = "<group>";
		};
		2F36A754277DA7BF005D27BF /* Tools */ = {
			isa = PBXGroup;
			children = (
				2F36A755277DA7BF005D27BF /* Context */,
				2F36A758277DA7BF005D27BF /* Usefull */,
				2F36A75C277DA7BF005D27BF /* AlertSupport */,
				2F36A762277DA7BF005D27BF /* NavigationSupport */,
				2F36A768277DA7BF005D27BF /* CoordinatorSupport */,
				2F36A76B277DA7BF005D27BF /* MvpSupport */,
				2F36A777277DA7BF005D27BF /* StyleSupport */,
			);
			path = Tools;
			sourceTree = "<group>";
		};
		2F36A755277DA7BF005D27BF /* Context */ = {
			isa = PBXGroup;
			children = (
				2F36A756277DA7BF005D27BF /* NoContext.swift */,
				2F36A757277DA7BF005D27BF /* Context.swift */,
			);
			path = Context;
			sourceTree = "<group>";
		};
		2F36A758277DA7BF005D27BF /* Usefull */ = {
			isa = PBXGroup;
			children = (
				2F36A759277DA7BF005D27BF /* Applicable.swift */,
				2F36A75A277DA7BF005D27BF /* ClassNameType.swift */,
				2F36A75B277DA7BF005D27BF /* Runnable.swift */,
			);
			path = Usefull;
			sourceTree = "<group>";
		};
		2F36A75C277DA7BF005D27BF /* AlertSupport */ = {
			isa = PBXGroup;
			children = (
				2F36A75D277DA7BF005D27BF /* AlertStyle.swift */,
				2F36A75E277DA7BF005D27BF /* AlertConfiguration.swift */,
				2F36A75F277DA7BF005D27BF /* AlertPosition.swift */,
				2F36A760277DA7BF005D27BF /* AlertPresentable.swift */,
				2F36A761277DA7BF005D27BF /* AlertConfigurationBlock.swift */,
			);
			path = AlertSupport;
			sourceTree = "<group>";
		};
		2F36A762277DA7BF005D27BF /* NavigationSupport */ = {
			isa = PBXGroup;
			children = (
				2F36A763277DA7BF005D27BF /* NavigatorType.swift */,
				2F36A764277DA7BF005D27BF /* SingleNavigatorType.swift */,
				2F36A765277DA7BF005D27BF /* EmptyNavigator.swift */,
				2F36A766277DA7BF005D27BF /* StackNavigatorType.swift */,
				2F36A767277DA7BF005D27BF /* ModalNavigatorType.swift */,
			);
			path = NavigationSupport;
			sourceTree = "<group>";
		};
		2F36A768277DA7BF005D27BF /* CoordinatorSupport */ = {
			isa = PBXGroup;
			children = (
				2F36A769277DA7BF005D27BF /* CoordinatorType.swift */,
				2F36A76A277DA7BF005D27BF /* AutoCoordinatorType.swift */,
			);
			path = CoordinatorSupport;
			sourceTree = "<group>";
		};
		2F36A76B277DA7BF005D27BF /* MvpSupport */ = {
			isa = PBXGroup;
			children = (
				2F36A76C277DA7BF005D27BF /* Unit */,
				2F36A76F277DA7BF005D27BF /* Presenter */,
				2F36A773277DA7BF005D27BF /* Router */,
			);
			path = MvpSupport;
			sourceTree = "<group>";
		};
		2F36A76C277DA7BF005D27BF /* Unit */ = {
			isa = PBXGroup;
			children = (
				2F36A76D277DA7BF005D27BF /* SimpleUnit.swift */,
				2F36A76E277DA7BF005D27BF /* UnitType.swift */,
			);
			path = Unit;
			sourceTree = "<group>";
		};
		2F36A76F277DA7BF005D27BF /* Presenter */ = {
			isa = PBXGroup;
			children = (
				2F36A770277DA7BF005D27BF /* PresenterType.swift */,
				2F36A771277DA7BF005D27BF /* PresentaerAttachable.swift */,
				2F36A772277DA7BF005D27BF /* AnyPresenter.swift */,
			);
			path = Presenter;
			sourceTree = "<group>";
		};
		2F36A773277DA7BF005D27BF /* Router */ = {
			isa = PBXGroup;
			children = (
				2F36A774277DA7BF005D27BF /* AnyRouter.swift */,
				2F36A775277DA7BF005D27BF /* RouterType.swift */,
				2F36A776277DA7BF005D27BF /* RouterType+AnyRouter+extension.swift */,
			);
			path = Router;
			sourceTree = "<group>";
		};
		2F36A777277DA7BF005D27BF /* StyleSupport */ = {
			isa = PBXGroup;
			children = (
				2F36A778277DA7BF005D27BF /* ShadowStyle */,
				2F36A77C277DA7BF005D27BF /* TextStyle */,
				2F36A77F277DA7BF005D27BF /* Factories */,
				2F36A781277DA7BF005D27BF /* ViewStyle */,
			);
			path = StyleSupport;
			sourceTree = "<group>";
		};
		2F36A778277DA7BF005D27BF /* ShadowStyle */ = {
			isa = PBXGroup;
			children = (
				2F36A779277DA7BF005D27BF /* ShadowStyle.swift */,
				2F36A77A277DA7BF005D27BF /* ShadowStyleApplicable.swift */,
				2F36A77B277DA7BF005D27BF /* UIKit+ShadowStyleApplicable.swift */,
			);
			path = ShadowStyle;
			sourceTree = "<group>";
		};
		2F36A77C277DA7BF005D27BF /* TextStyle */ = {
			isa = PBXGroup;
			children = (
				2F36A77D277DA7BF005D27BF /* TextStyle.swift */,
				2F36A77E277DA7BF005D27BF /* TextStyleApplicable.swift */,
			);
			path = TextStyle;
			sourceTree = "<group>";
		};
		2F36A77F277DA7BF005D27BF /* Factories */ = {
			isa = PBXGroup;
			children = (
				2F36A780277DA7BF005D27BF /* ViewStyleFatory.swift */,
			);
			path = Factories;
			sourceTree = "<group>";
		};
		2F36A781277DA7BF005D27BF /* ViewStyle */ = {
			isa = PBXGroup;
			children = (
				2F36A782277DA7BF005D27BF /* ViewStyleApplicable.swift */,
				2F36A783277DA7BF005D27BF /* UIKit+ViewStyleApplicable+extension.swift */,
				2F36A784277DA7BF005D27BF /* ViewStyle.swift */,
			);
			path = ViewStyle;
			sourceTree = "<group>";
		};
		2F36A7AF277DB316005D27BF /* GoogleSheetLocalization */ = {
			isa = PBXGroup;
			children = (
				2F36A7B0277DB316005D27BF /* Localizable.strings */,
				2F36A7B3277DB316005D27BF /* GSln.generated.swift */,
			);
			path = GoogleSheetLocalization;
			sourceTree = "<group>";
		};
		60994C272CAF4BA25996BCA9 /* Frameworks */ = {
			isa = PBXGroup;
			children = (
				D758BD259914748FFCFFEDF2 /* Pods_DictionaryApp.framework */,
				28FA81084E91606EBBB35C6A /* Pods_DictionaryApp_DictionaryAppUITests.framework */,
				B483A68D27AD82A3603286EC /* Pods_DictionaryAppTests.framework */,
			);
			name = Frameworks;
			sourceTree = "<group>";
		};
		A1DCF586FF0F48913204943A /* Scenes */ = {
			isa = PBXGroup;
			children = (
			);
			path = Scenes;
			sourceTree = "<group>";
		};
		F596750F840BEF5D51C82150 /* Pods */ = {
			isa = PBXGroup;
			children = (
				6789DF65AA1F1A0DFCF9F8E2 /* Pods-DictionaryApp.debug.xcconfig */,
				603B6934FB4216E7F513AE14 /* Pods-DictionaryApp.release.xcconfig */,
				939E26C0CB7EEBA2EA0E16AD /* Pods-DictionaryApp-DictionaryAppUITests.debug.xcconfig */,
				9A8E86EE1B08A7A6FF077E75 /* Pods-DictionaryApp-DictionaryAppUITests.release.xcconfig */,
				334062081109C8FF548E7B65 /* Pods-DictionaryAppTests.debug.xcconfig */,
				1331B2DE044FE31DD2DC3C2F /* Pods-DictionaryAppTests.release.xcconfig */,
			);
			path = Pods;
			sourceTree = "<group>";
		};
/* End PBXGroup section */

/* Begin PBXNativeTarget section */
		2F36A719277DA2FA005D27BF /* DictionaryApp */ = {
			isa = PBXNativeTarget;
			buildConfigurationList = 2F36A744277DA2FB005D27BF /* Build configuration list for PBXNativeTarget "DictionaryApp" */;
			buildPhases = (
				345D59D10D823B74673B62A6 /* [CP] Check Pods Manifest.lock */,
				2F36A7A7277DAE77005D27BF /* Sourcery */,
				2F36A716277DA2FA005D27BF /* Sources */,
				2F36A717277DA2FA005D27BF /* Frameworks */,
				2F36A718277DA2FA005D27BF /* Resources */,
				2F36A750277DA603005D27BF /* SwiftLint */,
				2F36A7AC277DAFD9005D27BF /* SwiftGen */,
				68E27BCF1D85F3019CB7B92C /* [CP] Embed Pods Frameworks */,
			);
			buildRules = (
			);
			dependencies = (
			);
			name = DictionaryApp;
			productName = DictionaryApp;
			productReference = 2F36A71A277DA2FA005D27BF /* DictionaryApp.app */;
			productType = "com.apple.product-type.application";
		};
		2F36A72F277DA2FB005D27BF /* DictionaryAppTests */ = {
			isa = PBXNativeTarget;
			buildConfigurationList = 2F36A747277DA2FB005D27BF /* Build configuration list for PBXNativeTarget "DictionaryAppTests" */;
			buildPhases = (
				9C79803A4950572592EBD988 /* [CP] Check Pods Manifest.lock */,
				2F36A72C277DA2FB005D27BF /* Sources */,
				2F36A72D277DA2FB005D27BF /* Frameworks */,
				2F36A72E277DA2FB005D27BF /* Resources */,
			);
			buildRules = (
			);
			dependencies = (
				2F36A732277DA2FB005D27BF /* PBXTargetDependency */,
			);
			name = DictionaryAppTests;
			productName = DictionaryAppTests;
			productReference = 2F36A730277DA2FB005D27BF /* DictionaryAppTests.xctest */;
			productType = "com.apple.product-type.bundle.unit-test";
		};
		2F36A739277DA2FB005D27BF /* DictionaryAppUITests */ = {
			isa = PBXNativeTarget;
			buildConfigurationList = 2F36A74A277DA2FB005D27BF /* Build configuration list for PBXNativeTarget "DictionaryAppUITests" */;
			buildPhases = (
				65D73559C48EB86AABECEC81 /* [CP] Check Pods Manifest.lock */,
				2F36A736277DA2FB005D27BF /* Sources */,
				2F36A737277DA2FB005D27BF /* Frameworks */,
				2F36A738277DA2FB005D27BF /* Resources */,
				D8E95AC731A8BE22F4BE4166 /* [CP] Embed Pods Frameworks */,
			);
			buildRules = (
			);
			dependencies = (
				2F36A73C277DA2FB005D27BF /* PBXTargetDependency */,
			);
			name = DictionaryAppUITests;
			productName = DictionaryAppUITests;
			productReference = 2F36A73A277DA2FB005D27BF /* DictionaryAppUITests.xctest */;
			productType = "com.apple.product-type.bundle.ui-testing";
		};
/* End PBXNativeTarget section */

/* Begin PBXProject section */
		2F36A712277DA2FA005D27BF /* Project object */ = {
			isa = PBXProject;
			attributes = {
				BuildIndependentTargetsInParallel = 1;
				LastSwiftUpdateCheck = 1320;
				LastUpgradeCheck = 1320;
				TargetAttributes = {
					2F36A719277DA2FA005D27BF = {
						CreatedOnToolsVersion = 13.2.1;
					};
					2F36A72F277DA2FB005D27BF = {
						CreatedOnToolsVersion = 13.2.1;
						TestTargetID = 2F36A719277DA2FA005D27BF;
					};
					2F36A739277DA2FB005D27BF = {
						CreatedOnToolsVersion = 13.2.1;
						TestTargetID = 2F36A719277DA2FA005D27BF;
					};
				};
			};
			buildConfigurationList = 2F36A715277DA2FA005D27BF /* Build configuration list for PBXProject "DictionaryApp" */;
			compatibilityVersion = "Xcode 13.0";
			developmentRegion = en;
			hasScannedForEncodings = 0;
			knownRegions = (
				en,
				Base,
				yi,
				ru,
				fr,
			);
			mainGroup = 2F36A711277DA2FA005D27BF;
			productRefGroup = 2F36A71B277DA2FA005D27BF /* Products */;
			projectDirPath = "";
			projectRoot = "";
			targets = (
				2F36A719277DA2FA005D27BF /* DictionaryApp */,
				2F36A72F277DA2FB005D27BF /* DictionaryAppTests */,
				2F36A739277DA2FB005D27BF /* DictionaryAppUITests */,
			);
		};
/* End PBXProject section */

/* Begin PBXResourcesBuildPhase section */
		2F36A718277DA2FA005D27BF /* Resources */ = {
			isa = PBXResourcesBuildPhase;
			buildActionMask = 2147483647;
			files = (
				2F36A72A277DA2FB005D27BF /* LaunchScreen.storyboard in Resources */,
				2F36A7B6277DB316005D27BF /* Localizable.strings in Resources */,
				2F36A727277DA2FB005D27BF /* Assets.xcassets in Resources */,
			);
			runOnlyForDeploymentPostprocessing = 0;
		};
		2F36A72E277DA2FB005D27BF /* Resources */ = {
			isa = PBXResourcesBuildPhase;
			buildActionMask = 2147483647;
			files = (
			);
			runOnlyForDeploymentPostprocessing = 0;
		};
		2F36A738277DA2FB005D27BF /* Resources */ = {
			isa = PBXResourcesBuildPhase;
			buildActionMask = 2147483647;
			files = (
			);
			runOnlyForDeploymentPostprocessing = 0;
		};
/* End PBXResourcesBuildPhase section */

/* Begin PBXShellScriptBuildPhase section */
		2F36A750277DA603005D27BF /* SwiftLint */ = {
			isa = PBXShellScriptBuildPhase;
			buildActionMask = 2147483647;
			files = (
			);
			inputFileListPaths = (
			);
			inputPaths = (
			);
			name = SwiftLint;
			outputFileListPaths = (
			);
			outputPaths = (
			);
			runOnlyForDeploymentPostprocessing = 0;
			shellPath = /bin/sh;
			shellScript = "# Type a script or drag a script file from your workspace to insert its path.\n\"${PODS_ROOT}/SwiftLint/swiftlint\"\n";
		};
		2F36A7A7277DAE77005D27BF /* Sourcery */ = {
			isa = PBXShellScriptBuildPhase;
			buildActionMask = 2147483647;
			files = (
			);
			inputFileListPaths = (
			);
			inputPaths = (
			);
			name = Sourcery;
			outputFileListPaths = (
			);
			outputPaths = (
			);
			runOnlyForDeploymentPostprocessing = 0;
			shellPath = /bin/sh;
			shellScript = "# Type a script or drag a script file from your workspace to insert its path.\n\"${PODS_ROOT}/Sourcery/bin/sourcery\" --sources \"${SRCROOT}/DictionaryApp\" --templates \"${SRCROOT}/Templates/Sourcery\" --output \"${SRCROOT}/DictionaryApp/Autogenerated\"\n";
		};
		2F36A7AC277DAFD9005D27BF /* SwiftGen */ = {
			isa = PBXShellScriptBuildPhase;
			buildActionMask = 2147483647;
			files = (
			);
			inputFileListPaths = (
			);
			inputPaths = (
			);
			name = SwiftGen;
			outputFileListPaths = (
			);
			outputPaths = (
			);
			runOnlyForDeploymentPostprocessing = 0;
			shellPath = /bin/sh;
			shellScript = "# Type a script or drag a script file from your workspace to insert its path.\n\"$PODS_ROOT\"/SwiftGen/bin/swiftgen\n";
		};
		345D59D10D823B74673B62A6 /* [CP] Check Pods Manifest.lock */ = {
			isa = PBXShellScriptBuildPhase;
			buildActionMask = 2147483647;
			files = (
			);
			inputFileListPaths = (
			);
			inputPaths = (
				"${PODS_PODFILE_DIR_PATH}/Podfile.lock",
				"${PODS_ROOT}/Manifest.lock",
			);
			name = "[CP] Check Pods Manifest.lock";
			outputFileListPaths = (
			);
			outputPaths = (
				"$(DERIVED_FILE_DIR)/Pods-DictionaryApp-checkManifestLockResult.txt",
			);
			runOnlyForDeploymentPostprocessing = 0;
			shellPath = /bin/sh;
			shellScript = "diff \"${PODS_PODFILE_DIR_PATH}/Podfile.lock\" \"${PODS_ROOT}/Manifest.lock\" > /dev/null\nif [ $? != 0 ] ; then\n    # print error to STDERR\n    echo \"error: The sandbox is not in sync with the Podfile.lock. Run 'pod install' or update your CocoaPods installation.\" >&2\n    exit 1\nfi\n# This output is used by Xcode 'outputs' to avoid re-running this script phase.\necho \"SUCCESS\" > \"${SCRIPT_OUTPUT_FILE_0}\"\n";
			showEnvVarsInLog = 0;
		};
		65D73559C48EB86AABECEC81 /* [CP] Check Pods Manifest.lock */ = {
			isa = PBXShellScriptBuildPhase;
			buildActionMask = 2147483647;
			files = (
			);
			inputFileListPaths = (
			);
			inputPaths = (
				"${PODS_PODFILE_DIR_PATH}/Podfile.lock",
				"${PODS_ROOT}/Manifest.lock",
			);
			name = "[CP] Check Pods Manifest.lock";
			outputFileListPaths = (
			);
			outputPaths = (
				"$(DERIVED_FILE_DIR)/Pods-DictionaryApp-DictionaryAppUITests-checkManifestLockResult.txt",
			);
			runOnlyForDeploymentPostprocessing = 0;
			shellPath = /bin/sh;
			shellScript = "diff \"${PODS_PODFILE_DIR_PATH}/Podfile.lock\" \"${PODS_ROOT}/Manifest.lock\" > /dev/null\nif [ $? != 0 ] ; then\n    # print error to STDERR\n    echo \"error: The sandbox is not in sync with the Podfile.lock. Run 'pod install' or update your CocoaPods installation.\" >&2\n    exit 1\nfi\n# This output is used by Xcode 'outputs' to avoid re-running this script phase.\necho \"SUCCESS\" > \"${SCRIPT_OUTPUT_FILE_0}\"\n";
			showEnvVarsInLog = 0;
		};
		68E27BCF1D85F3019CB7B92C /* [CP] Embed Pods Frameworks */ = {
			isa = PBXShellScriptBuildPhase;
			buildActionMask = 2147483647;
			files = (
			);
			inputFileListPaths = (
				"${PODS_ROOT}/Target Support Files/Pods-DictionaryApp/Pods-DictionaryApp-frameworks-${CONFIGURATION}-input-files.xcfilelist",
			);
			name = "[CP] Embed Pods Frameworks";
			outputFileListPaths = (
				"${PODS_ROOT}/Target Support Files/Pods-DictionaryApp/Pods-DictionaryApp-frameworks-${CONFIGURATION}-output-files.xcfilelist",
			);
			runOnlyForDeploymentPostprocessing = 0;
			shellPath = /bin/sh;
			shellScript = "\"${PODS_ROOT}/Target Support Files/Pods-DictionaryApp/Pods-DictionaryApp-frameworks.sh\"\n";
			showEnvVarsInLog = 0;
		};
		9C79803A4950572592EBD988 /* [CP] Check Pods Manifest.lock */ = {
			isa = PBXShellScriptBuildPhase;
			buildActionMask = 2147483647;
			files = (
			);
			inputFileListPaths = (
			);
			inputPaths = (
				"${PODS_PODFILE_DIR_PATH}/Podfile.lock",
				"${PODS_ROOT}/Manifest.lock",
			);
			name = "[CP] Check Pods Manifest.lock";
			outputFileListPaths = (
			);
			outputPaths = (
				"$(DERIVED_FILE_DIR)/Pods-DictionaryAppTests-checkManifestLockResult.txt",
			);
			runOnlyForDeploymentPostprocessing = 0;
			shellPath = /bin/sh;
			shellScript = "diff \"${PODS_PODFILE_DIR_PATH}/Podfile.lock\" \"${PODS_ROOT}/Manifest.lock\" > /dev/null\nif [ $? != 0 ] ; then\n    # print error to STDERR\n    echo \"error: The sandbox is not in sync with the Podfile.lock. Run 'pod install' or update your CocoaPods installation.\" >&2\n    exit 1\nfi\n# This output is used by Xcode 'outputs' to avoid re-running this script phase.\necho \"SUCCESS\" > \"${SCRIPT_OUTPUT_FILE_0}\"\n";
			showEnvVarsInLog = 0;
		};
		D8E95AC731A8BE22F4BE4166 /* [CP] Embed Pods Frameworks */ = {
			isa = PBXShellScriptBuildPhase;
			buildActionMask = 2147483647;
			files = (
			);
			inputFileListPaths = (
				"${PODS_ROOT}/Target Support Files/Pods-DictionaryApp-DictionaryAppUITests/Pods-DictionaryApp-DictionaryAppUITests-frameworks-${CONFIGURATION}-input-files.xcfilelist",
			);
			name = "[CP] Embed Pods Frameworks";
			outputFileListPaths = (
				"${PODS_ROOT}/Target Support Files/Pods-DictionaryApp-DictionaryAppUITests/Pods-DictionaryApp-DictionaryAppUITests-frameworks-${CONFIGURATION}-output-files.xcfilelist",
			);
			runOnlyForDeploymentPostprocessing = 0;
			shellPath = /bin/sh;
			shellScript = "\"${PODS_ROOT}/Target Support Files/Pods-DictionaryApp-DictionaryAppUITests/Pods-DictionaryApp-DictionaryAppUITests-frameworks.sh\"\n";
			showEnvVarsInLog = 0;
		};
/* End PBXShellScriptBuildPhase section */

/* Begin PBXSourcesBuildPhase section */
		2F36A716277DA2FA005D27BF /* Sources */ = {
			isa = PBXSourcesBuildPhase;
			buildActionMask = 2147483647;
			files = (
				2F36A79C277DA7BF005D27BF /* RouterType.swift in Sources */,
				2F36A7A4277DA7BF005D27BF /* ViewStyleApplicable.swift in Sources */,
				2F36A7AE277DB01D005D27BF /* Assets.generated.swift in Sources */,
				2F36A71E277DA2FA005D27BF /* AppDelegate.swift in Sources */,
				2F36A79D277DA7BF005D27BF /* RouterType+AnyRouter+extension.swift in Sources */,
				2F36A796277DA7BF005D27BF /* SimpleUnit.swift in Sources */,
				2F36A786277DA7BF005D27BF /* Context.swift in Sources */,
				2F36A78D277DA7BF005D27BF /* AlertPresentable.swift in Sources */,
				2F36A790277DA7BF005D27BF /* SingleNavigatorType.swift in Sources */,
				2F36A799277DA7BF005D27BF /* PresentaerAttachable.swift in Sources */,
				2F36A78F277DA7BF005D27BF /* NavigatorType.swift in Sources */,
				2F36A791277DA7BF005D27BF /* EmptyNavigator.swift in Sources */,
				2F36A79B277DA7BF005D27BF /* AnyRouter.swift in Sources */,
				2F36A793277DA7BF005D27BF /* ModalNavigatorType.swift in Sources */,
				2F36A792277DA7BF005D27BF /* StackNavigatorType.swift in Sources */,
				2F36A785277DA7BF005D27BF /* NoContext.swift in Sources */,
				2F36A787277DA7BF005D27BF /* Applicable.swift in Sources */,
				2F36A7A0277DA7BF005D27BF /* UIKit+ShadowStyleApplicable.swift in Sources */,
				2F36A7A5277DA7BF005D27BF /* UIKit+ViewStyleApplicable+extension.swift in Sources */,
				2F36A7A6277DA7BF005D27BF /* ViewStyle.swift in Sources */,
				2F36A78A277DA7BF005D27BF /* AlertStyle.swift in Sources */,
				2F36A79A277DA7BF005D27BF /* AnyPresenter.swift in Sources */,
				2F36A7A1277DA7BF005D27BF /* TextStyle.swift in Sources */,
				2F36A753277DA7AB005D27BF /* Markers.swift in Sources */,
				2F36A78E277DA7BF005D27BF /* AlertConfigurationBlock.swift in Sources */,
				2F36A78B277DA7BF005D27BF /* AlertConfiguration.swift in Sources */,
				2F36A795277DA7BF005D27BF /* AutoCoordinatorType.swift in Sources */,
				2F36A7A2277DA7BF005D27BF /* TextStyleApplicable.swift in Sources */,
				2F36A798277DA7BF005D27BF /* PresenterType.swift in Sources */,
				2F36A79F277DA7BF005D27BF /* ShadowStyleApplicable.swift in Sources */,
				2F36A797277DA7BF005D27BF /* UnitType.swift in Sources */,
				2F36A79E277DA7BF005D27BF /* ShadowStyle.swift in Sources */,
				2F36A7B7277DB316005D27BF /* GSln.generated.swift in Sources */,
				2F36A794277DA7BF005D27BF /* CoordinatorType.swift in Sources */,
				2F36A7AA277DAE9B005D27BF /* AutoProperties.generated.swift in Sources */,
				2F36A7AB277DAE9B005D27BF /* AutoCoordinator.generated.swift in Sources */,
				2F36A78C277DA7BF005D27BF /* AlertPosition.swift in Sources */,
				2F36A788277DA7BF005D27BF /* ClassNameType.swift in Sources */,
				2F36A7A3277DA7BF005D27BF /* ViewStyleFatory.swift in Sources */,
				2F36A789277DA7BF005D27BF /* Runnable.swift in Sources */,
			);
			runOnlyForDeploymentPostprocessing = 0;
		};
		2F36A72C277DA2FB005D27BF /* Sources */ = {
			isa = PBXSourcesBuildPhase;
			buildActionMask = 2147483647;
			files = (
				2F36A735277DA2FB005D27BF /* DictionaryAppTests.swift in Sources */,
			);
			runOnlyForDeploymentPostprocessing = 0;
		};
		2F36A736277DA2FB005D27BF /* Sources */ = {
			isa = PBXSourcesBuildPhase;
			buildActionMask = 2147483647;
			files = (
				2F36A741277DA2FB005D27BF /* DictionaryAppUITestsLaunchTests.swift in Sources */,
				2F36A73F277DA2FB005D27BF /* DictionaryAppUITests.swift in Sources */,
			);
			runOnlyForDeploymentPostprocessing = 0;
		};
/* End PBXSourcesBuildPhase section */

/* Begin PBXTargetDependency section */
		2F36A732277DA2FB005D27BF /* PBXTargetDependency */ = {
			isa = PBXTargetDependency;
			target = 2F36A719277DA2FA005D27BF /* DictionaryApp */;
			targetProxy = 2F36A731277DA2FB005D27BF /* PBXContainerItemProxy */;
		};
		2F36A73C277DA2FB005D27BF /* PBXTargetDependency */ = {
			isa = PBXTargetDependency;
			target = 2F36A719277DA2FA005D27BF /* DictionaryApp */;
			targetProxy = 2F36A73B277DA2FB005D27BF /* PBXContainerItemProxy */;
		};
/* End PBXTargetDependency section */

/* Begin PBXVariantGroup section */
		2F36A728277DA2FB005D27BF /* LaunchScreen.storyboard */ = {
			isa = PBXVariantGroup;
			children = (
				2F36A729277DA2FB005D27BF /* Base */,
			);
			name = LaunchScreen.storyboard;
			sourceTree = "<group>";
		};
		2F36A7B0277DB316005D27BF /* Localizable.strings */ = {
			isa = PBXVariantGroup;
			children = (
				2F36A7B1277DB316005D27BF /* yi */,
				2F36A7B2277DB316005D27BF /* en */,
				2F36A7B4277DB316005D27BF /* ru */,
				2F36A7B5277DB316005D27BF /* fr */,
			);
			name = Localizable.strings;
			sourceTree = "<group>";
		};
/* End PBXVariantGroup section */

/* Begin XCBuildConfiguration section */
		2F36A742277DA2FB005D27BF /* Debug */ = {
			isa = XCBuildConfiguration;
			buildSettings = {
				ALWAYS_SEARCH_USER_PATHS = NO;
				CLANG_ANALYZER_NONNULL = YES;
				CLANG_ANALYZER_NUMBER_OBJECT_CONVERSION = YES_AGGRESSIVE;
				CLANG_CXX_LANGUAGE_STANDARD = "gnu++17";
				CLANG_CXX_LIBRARY = "libc++";
				CLANG_ENABLE_MODULES = YES;
				CLANG_ENABLE_OBJC_ARC = YES;
				CLANG_ENABLE_OBJC_WEAK = YES;
				CLANG_WARN_BLOCK_CAPTURE_AUTORELEASING = YES;
				CLANG_WARN_BOOL_CONVERSION = YES;
				CLANG_WARN_COMMA = YES;
				CLANG_WARN_CONSTANT_CONVERSION = YES;
				CLANG_WARN_DEPRECATED_OBJC_IMPLEMENTATIONS = YES;
				CLANG_WARN_DIRECT_OBJC_ISA_USAGE = YES_ERROR;
				CLANG_WARN_DOCUMENTATION_COMMENTS = YES;
				CLANG_WARN_EMPTY_BODY = YES;
				CLANG_WARN_ENUM_CONVERSION = YES;
				CLANG_WARN_INFINITE_RECURSION = YES;
				CLANG_WARN_INT_CONVERSION = YES;
				CLANG_WARN_NON_LITERAL_NULL_CONVERSION = YES;
				CLANG_WARN_OBJC_IMPLICIT_RETAIN_SELF = YES;
				CLANG_WARN_OBJC_LITERAL_CONVERSION = YES;
				CLANG_WARN_OBJC_ROOT_CLASS = YES_ERROR;
				CLANG_WARN_QUOTED_INCLUDE_IN_FRAMEWORK_HEADER = YES;
				CLANG_WARN_RANGE_LOOP_ANALYSIS = YES;
				CLANG_WARN_STRICT_PROTOTYPES = YES;
				CLANG_WARN_SUSPICIOUS_MOVE = YES;
				CLANG_WARN_UNGUARDED_AVAILABILITY = YES_AGGRESSIVE;
				CLANG_WARN_UNREACHABLE_CODE = YES;
				CLANG_WARN__DUPLICATE_METHOD_MATCH = YES;
				COPY_PHASE_STRIP = NO;
				DEBUG_INFORMATION_FORMAT = dwarf;
				ENABLE_STRICT_OBJC_MSGSEND = YES;
				ENABLE_TESTABILITY = YES;
				GCC_C_LANGUAGE_STANDARD = gnu11;
				GCC_DYNAMIC_NO_PIC = NO;
				GCC_NO_COMMON_BLOCKS = YES;
				GCC_OPTIMIZATION_LEVEL = 0;
				GCC_PREPROCESSOR_DEFINITIONS = (
					"DEBUG=1",
					"$(inherited)",
				);
				GCC_WARN_64_TO_32_BIT_CONVERSION = YES;
				GCC_WARN_ABOUT_RETURN_TYPE = YES_ERROR;
				GCC_WARN_UNDECLARED_SELECTOR = YES;
				GCC_WARN_UNINITIALIZED_AUTOS = YES_AGGRESSIVE;
				GCC_WARN_UNUSED_FUNCTION = YES;
				GCC_WARN_UNUSED_VARIABLE = YES;
				IPHONEOS_DEPLOYMENT_TARGET = 11.0;
				MTL_ENABLE_DEBUG_INFO = INCLUDE_SOURCE;
				MTL_FAST_MATH = YES;
				ONLY_ACTIVE_ARCH = YES;
				SDKROOT = iphoneos;
				SWIFT_ACTIVE_COMPILATION_CONDITIONS = DEBUG;
				SWIFT_OPTIMIZATION_LEVEL = "-Onone";
			};
			name = Debug;
		};
		2F36A743277DA2FB005D27BF /* Release */ = {
			isa = XCBuildConfiguration;
			buildSettings = {
				ALWAYS_SEARCH_USER_PATHS = NO;
				CLANG_ANALYZER_NONNULL = YES;
				CLANG_ANALYZER_NUMBER_OBJECT_CONVERSION = YES_AGGRESSIVE;
				CLANG_CXX_LANGUAGE_STANDARD = "gnu++17";
				CLANG_CXX_LIBRARY = "libc++";
				CLANG_ENABLE_MODULES = YES;
				CLANG_ENABLE_OBJC_ARC = YES;
				CLANG_ENABLE_OBJC_WEAK = YES;
				CLANG_WARN_BLOCK_CAPTURE_AUTORELEASING = YES;
				CLANG_WARN_BOOL_CONVERSION = YES;
				CLANG_WARN_COMMA = YES;
				CLANG_WARN_CONSTANT_CONVERSION = YES;
				CLANG_WARN_DEPRECATED_OBJC_IMPLEMENTATIONS = YES;
				CLANG_WARN_DIRECT_OBJC_ISA_USAGE = YES_ERROR;
				CLANG_WARN_DOCUMENTATION_COMMENTS = YES;
				CLANG_WARN_EMPTY_BODY = YES;
				CLANG_WARN_ENUM_CONVERSION = YES;
				CLANG_WARN_INFINITE_RECURSION = YES;
				CLANG_WARN_INT_CONVERSION = YES;
				CLANG_WARN_NON_LITERAL_NULL_CONVERSION = YES;
				CLANG_WARN_OBJC_IMPLICIT_RETAIN_SELF = YES;
				CLANG_WARN_OBJC_LITERAL_CONVERSION = YES;
				CLANG_WARN_OBJC_ROOT_CLASS = YES_ERROR;
				CLANG_WARN_QUOTED_INCLUDE_IN_FRAMEWORK_HEADER = YES;
				CLANG_WARN_RANGE_LOOP_ANALYSIS = YES;
				CLANG_WARN_STRICT_PROTOTYPES = YES;
				CLANG_WARN_SUSPICIOUS_MOVE = YES;
				CLANG_WARN_UNGUARDED_AVAILABILITY = YES_AGGRESSIVE;
				CLANG_WARN_UNREACHABLE_CODE = YES;
				CLANG_WARN__DUPLICATE_METHOD_MATCH = YES;
				COPY_PHASE_STRIP = NO;
				DEBUG_INFORMATION_FORMAT = "dwarf-with-dsym";
				ENABLE_NS_ASSERTIONS = NO;
				ENABLE_STRICT_OBJC_MSGSEND = YES;
				GCC_C_LANGUAGE_STANDARD = gnu11;
				GCC_NO_COMMON_BLOCKS = YES;
				GCC_WARN_64_TO_32_BIT_CONVERSION = YES;
				GCC_WARN_ABOUT_RETURN_TYPE = YES_ERROR;
				GCC_WARN_UNDECLARED_SELECTOR = YES;
				GCC_WARN_UNINITIALIZED_AUTOS = YES_AGGRESSIVE;
				GCC_WARN_UNUSED_FUNCTION = YES;
				GCC_WARN_UNUSED_VARIABLE = YES;
				IPHONEOS_DEPLOYMENT_TARGET = 11.0;
				MTL_ENABLE_DEBUG_INFO = NO;
				MTL_FAST_MATH = YES;
				SDKROOT = iphoneos;
				SWIFT_COMPILATION_MODE = wholemodule;
				SWIFT_OPTIMIZATION_LEVEL = "-O";
				VALIDATE_PRODUCT = YES;
			};
			name = Release;
		};
		2F36A745277DA2FB005D27BF /* Debug */ = {
			isa = XCBuildConfiguration;
			baseConfigurationReference = 6789DF65AA1F1A0DFCF9F8E2 /* Pods-DictionaryApp.debug.xcconfig */;
			buildSettings = {
				ASSETCATALOG_COMPILER_APPICON_NAME = AppIcon;
				ASSETCATALOG_COMPILER_GLOBAL_ACCENT_COLOR_NAME = AccentColor;
				CODE_SIGN_STYLE = Automatic;
				CURRENT_PROJECT_VERSION = 1;
				DEVELOPMENT_TEAM = GHXPN8A4H7;
				GENERATE_INFOPLIST_FILE = YES;
				INFOPLIST_FILE = DictionaryApp/SupportedFiles/Info.plist;
				INFOPLIST_KEY_UIApplicationSupportsIndirectInputEvents = YES;
				INFOPLIST_KEY_UILaunchStoryboardName = LaunchScreen;
				INFOPLIST_KEY_UISupportedInterfaceOrientations_iPad = "UIInterfaceOrientationPortrait UIInterfaceOrientationPortraitUpsideDown UIInterfaceOrientationLandscapeLeft UIInterfaceOrientationLandscapeRight";
				INFOPLIST_KEY_UISupportedInterfaceOrientations_iPhone = "UIInterfaceOrientationPortrait UIInterfaceOrientationLandscapeLeft UIInterfaceOrientationLandscapeRight";
				LD_RUNPATH_SEARCH_PATHS = (
					"$(inherited)",
					"@executable_path/Frameworks",
				);
				MARKETING_VERSION = 1.0;
				PRODUCT_BUNDLE_IDENTIFIER = com.muzle.DictionaryApp;
				PRODUCT_NAME = "$(TARGET_NAME)";
				SWIFT_EMIT_LOC_STRINGS = YES;
				SWIFT_VERSION = 5.0;
				TARGETED_DEVICE_FAMILY = "1,2";
			};
			name = Debug;
		};
		2F36A746277DA2FB005D27BF /* Release */ = {
			isa = XCBuildConfiguration;
			baseConfigurationReference = 603B6934FB4216E7F513AE14 /* Pods-DictionaryApp.release.xcconfig */;
			buildSettings = {
				ASSETCATALOG_COMPILER_APPICON_NAME = AppIcon;
				ASSETCATALOG_COMPILER_GLOBAL_ACCENT_COLOR_NAME = AccentColor;
				CODE_SIGN_STYLE = Automatic;
				CURRENT_PROJECT_VERSION = 1;
				DEVELOPMENT_TEAM = GHXPN8A4H7;
				GENERATE_INFOPLIST_FILE = YES;
				INFOPLIST_FILE = DictionaryApp/SupportedFiles/Info.plist;
				INFOPLIST_KEY_UIApplicationSupportsIndirectInputEvents = YES;
				INFOPLIST_KEY_UILaunchStoryboardName = LaunchScreen;
				INFOPLIST_KEY_UISupportedInterfaceOrientations_iPad = "UIInterfaceOrientationPortrait UIInterfaceOrientationPortraitUpsideDown UIInterfaceOrientationLandscapeLeft UIInterfaceOrientationLandscapeRight";
				INFOPLIST_KEY_UISupportedInterfaceOrientations_iPhone = "UIInterfaceOrientationPortrait UIInterfaceOrientationLandscapeLeft UIInterfaceOrientationLandscapeRight";
				LD_RUNPATH_SEARCH_PATHS = (
					"$(inherited)",
					"@executable_path/Frameworks",
				);
				MARKETING_VERSION = 1.0;
				PRODUCT_BUNDLE_IDENTIFIER = com.muzle.DictionaryApp;
				PRODUCT_NAME = "$(TARGET_NAME)";
				SWIFT_EMIT_LOC_STRINGS = YES;
				SWIFT_VERSION = 5.0;
				TARGETED_DEVICE_FAMILY = "1,2";
			};
			name = Release;
		};
		2F36A748277DA2FB005D27BF /* Debug */ = {
			isa = XCBuildConfiguration;
			baseConfigurationReference = 334062081109C8FF548E7B65 /* Pods-DictionaryAppTests.debug.xcconfig */;
			buildSettings = {
				ALWAYS_EMBED_SWIFT_STANDARD_LIBRARIES = YES;
				BUNDLE_LOADER = "$(TEST_HOST)";
				CODE_SIGN_STYLE = Automatic;
				CURRENT_PROJECT_VERSION = 1;
				DEVELOPMENT_TEAM = GHXPN8A4H7;
				GENERATE_INFOPLIST_FILE = YES;
				IPHONEOS_DEPLOYMENT_TARGET = 15.2;
				MARKETING_VERSION = 1.0;
				PRODUCT_BUNDLE_IDENTIFIER = com.muzle.DictionaryAppTests;
				PRODUCT_NAME = "$(TARGET_NAME)";
				SWIFT_EMIT_LOC_STRINGS = NO;
				SWIFT_VERSION = 5.0;
				TARGETED_DEVICE_FAMILY = "1,2";
				TEST_HOST = "$(BUILT_PRODUCTS_DIR)/DictionaryApp.app/DictionaryApp";
			};
			name = Debug;
		};
		2F36A749277DA2FB005D27BF /* Release */ = {
			isa = XCBuildConfiguration;
			baseConfigurationReference = 1331B2DE044FE31DD2DC3C2F /* Pods-DictionaryAppTests.release.xcconfig */;
			buildSettings = {
				ALWAYS_EMBED_SWIFT_STANDARD_LIBRARIES = YES;
				BUNDLE_LOADER = "$(TEST_HOST)";
				CODE_SIGN_STYLE = Automatic;
				CURRENT_PROJECT_VERSION = 1;
				DEVELOPMENT_TEAM = GHXPN8A4H7;
				GENERATE_INFOPLIST_FILE = YES;
				IPHONEOS_DEPLOYMENT_TARGET = 15.2;
				MARKETING_VERSION = 1.0;
				PRODUCT_BUNDLE_IDENTIFIER = com.muzle.DictionaryAppTests;
				PRODUCT_NAME = "$(TARGET_NAME)";
				SWIFT_EMIT_LOC_STRINGS = NO;
				SWIFT_VERSION = 5.0;
				TARGETED_DEVICE_FAMILY = "1,2";
				TEST_HOST = "$(BUILT_PRODUCTS_DIR)/DictionaryApp.app/DictionaryApp";
			};
			name = Release;
		};
		2F36A74B277DA2FB005D27BF /* Debug */ = {
			isa = XCBuildConfiguration;
			baseConfigurationReference = 939E26C0CB7EEBA2EA0E16AD /* Pods-DictionaryApp-DictionaryAppUITests.debug.xcconfig */;
			buildSettings = {
				ALWAYS_EMBED_SWIFT_STANDARD_LIBRARIES = YES;
				CODE_SIGN_STYLE = Automatic;
				CURRENT_PROJECT_VERSION = 1;
				DEVELOPMENT_TEAM = GHXPN8A4H7;
				GENERATE_INFOPLIST_FILE = YES;
				MARKETING_VERSION = 1.0;
				PRODUCT_BUNDLE_IDENTIFIER = com.muzle.DictionaryAppUITests;
				PRODUCT_NAME = "$(TARGET_NAME)";
				SWIFT_EMIT_LOC_STRINGS = NO;
				SWIFT_VERSION = 5.0;
				TARGETED_DEVICE_FAMILY = "1,2";
				TEST_TARGET_NAME = DictionaryApp;
			};
			name = Debug;
		};
		2F36A74C277DA2FB005D27BF /* Release */ = {
			isa = XCBuildConfiguration;
			baseConfigurationReference = 9A8E86EE1B08A7A6FF077E75 /* Pods-DictionaryApp-DictionaryAppUITests.release.xcconfig */;
			buildSettings = {
				ALWAYS_EMBED_SWIFT_STANDARD_LIBRARIES = YES;
				CODE_SIGN_STYLE = Automatic;
				CURRENT_PROJECT_VERSION = 1;
				DEVELOPMENT_TEAM = GHXPN8A4H7;
				GENERATE_INFOPLIST_FILE = YES;
				MARKETING_VERSION = 1.0;
				PRODUCT_BUNDLE_IDENTIFIER = com.muzle.DictionaryAppUITests;
				PRODUCT_NAME = "$(TARGET_NAME)";
				SWIFT_EMIT_LOC_STRINGS = NO;
				SWIFT_VERSION = 5.0;
				TARGETED_DEVICE_FAMILY = "1,2";
				TEST_TARGET_NAME = DictionaryApp;
			};
			name = Release;
		};
/* End XCBuildConfiguration section */

/* Begin XCConfigurationList section */
		2F36A715277DA2FA005D27BF /* Build configuration list for PBXProject "DictionaryApp" */ = {
			isa = XCConfigurationList;
			buildConfigurations = (
				2F36A742277DA2FB005D27BF /* Debug */,
				2F36A743277DA2FB005D27BF /* Release */,
			);
			defaultConfigurationIsVisible = 0;
			defaultConfigurationName = Release;
		};
		2F36A744277DA2FB005D27BF /* Build configuration list for PBXNativeTarget "DictionaryApp" */ = {
			isa = XCConfigurationList;
			buildConfigurations = (
				2F36A745277DA2FB005D27BF /* Debug */,
				2F36A746277DA2FB005D27BF /* Release */,
			);
			defaultConfigurationIsVisible = 0;
			defaultConfigurationName = Release;
		};
		2F36A747277DA2FB005D27BF /* Build configuration list for PBXNativeTarget "DictionaryAppTests" */ = {
			isa = XCConfigurationList;
			buildConfigurations = (
				2F36A748277DA2FB005D27BF /* Debug */,
				2F36A749277DA2FB005D27BF /* Release */,
			);
			defaultConfigurationIsVisible = 0;
			defaultConfigurationName = Release;
		};
		2F36A74A277DA2FB005D27BF /* Build configuration list for PBXNativeTarget "DictionaryAppUITests" */ = {
			isa = XCConfigurationList;
			buildConfigurations = (
				2F36A74B277DA2FB005D27BF /* Debug */,
				2F36A74C277DA2FB005D27BF /* Release */,
			);
			defaultConfigurationIsVisible = 0;
			defaultConfigurationName = Release;
		};
/* End XCConfigurationList section */
	};
	rootObject = 2F36A712277DA2FA005D27BF /* Project object */;
}
