// !$*UTF8*$!
{
	archiveVersion = 1;
	classes = {
	};
	objectVersion = 55;
	objects = {

/* Begin PBXBuildFile section */
		2F36A71E277DA2FA005D27BF /* AppDelegate.swift in Sources */ = {isa = PBXBuildFile; fileRef = 2F36A71D277DA2FA005D27BF /* AppDelegate.swift */; };
		2F36A727277DA2FB005D27BF /* Assets.xcassets in Resources */ = {isa = PBXBuildFile; fileRef = 2F36A726277DA2FB005D27BF /* Assets.xcassets */; };
		2F36A72A277DA2FB005D27BF /* LaunchScreen.storyboard in Resources */ = {isa = PBXBuildFile; fileRef = 2F36A728277DA2FB005D27BF /* LaunchScreen.storyboard */; };
		2F36A735277DA2FB005D27BF /* DictionaryAppTests.swift in Sources */ = {isa = PBXBuildFile; fileRef = 2F36A734277DA2FB005D27BF /* DictionaryAppTests.swift */; };
		2F36A73F277DA2FB005D27BF /* DictionaryAppUITests.swift in Sources */ = {isa = PBXBuildFile; fileRef = 2F36A73E277DA2FB005D27BF /* DictionaryAppUITests.swift */; };
		2F36A741277DA2FB005D27BF /* DictionaryAppUITestsLaunchTests.swift in Sources */ = {isa = PBXBuildFile; fileRef = 2F36A740277DA2FB005D27BF /* DictionaryAppUITestsLaunchTests.swift */; };
		4CC65F3B39BA6DFC6775D73D /* Pods_DictionaryApp_DictionaryAppUITests.framework in Frameworks */ = {isa = PBXBuildFile; fileRef = 28FA81084E91606EBBB35C6A /* Pods_DictionaryApp_DictionaryAppUITests.framework */; };
		533E2527163BFA54A66AAEB1 /* Pods_DictionaryApp.framework in Frameworks */ = {isa = PBXBuildFile; fileRef = D758BD259914748FFCFFEDF2 /* Pods_DictionaryApp.framework */; };
		7AB3FF10DA4084740C88B8B5 /* Pods_DictionaryAppTests.framework in Frameworks */ = {isa = PBXBuildFile; fileRef = B483A68D27AD82A3603286EC /* Pods_DictionaryAppTests.framework */; };
/* End PBXBuildFile section */

/* Begin PBXContainerItemProxy section */
		2F36A731277DA2FB005D27BF /* PBXContainerItemProxy */ = {
			isa = PBXContainerItemProxy;
			containerPortal = 2F36A712277DA2FA005D27BF /* Project object */;
			proxyType = 1;
			remoteGlobalIDString = 2F36A719277DA2FA005D27BF;
			remoteInfo = DictionaryApp;
		};
		2F36A73B277DA2FB005D27BF /* PBXContainerItemProxy */ = {
			isa = PBXContainerItemProxy;
			containerPortal = 2F36A712277DA2FA005D27BF /* Project object */;
			proxyType = 1;
			remoteGlobalIDString = 2F36A719277DA2FA005D27BF;
			remoteInfo = DictionaryApp;
		};
/* End PBXContainerItemProxy section */

/* Begin PBXFileReference section */
		1331B2DE044FE31DD2DC3C2F /* Pods-DictionaryAppTests.release.xcconfig */ = {isa = PBXFileReference; includeInIndex = 1; lastKnownFileType = text.xcconfig; name = "Pods-DictionaryAppTests.release.xcconfig"; path = "Target Support Files/Pods-DictionaryAppTests/Pods-DictionaryAppTests.release.xcconfig"; sourceTree = "<group>"; };
		28FA81084E91606EBBB35C6A /* Pods_DictionaryApp_DictionaryAppUITests.framework */ = {isa = PBXFileReference; explicitFileType = wrapper.framework; includeInIndex = 0; path = Pods_DictionaryApp_DictionaryAppUITests.framework; sourceTree = BUILT_PRODUCTS_DIR; };
		2F36A71A277DA2FA005D27BF /* DictionaryApp.app */ = {isa = PBXFileReference; explicitFileType = wrapper.application; includeInIndex = 0; path = DictionaryApp.app; sourceTree = BUILT_PRODUCTS_DIR; };
		2F36A71D277DA2FA005D27BF /* AppDelegate.swift */ = {isa = PBXFileReference; lastKnownFileType = sourcecode.swift; path = AppDelegate.swift; sourceTree = "<group>"; };
		2F36A726277DA2FB005D27BF /* Assets.xcassets */ = {isa = PBXFileReference; lastKnownFileType = folder.assetcatalog; path = Assets.xcassets; sourceTree = "<group>"; };
		2F36A729277DA2FB005D27BF /* Base */ = {isa = PBXFileReference; lastKnownFileType = file.storyboard; name = Base; path = Base.lproj/LaunchScreen.storyboard; sourceTree = "<group>"; };
		2F36A72B277DA2FB005D27BF /* Info.plist */ = {isa = PBXFileReference; lastKnownFileType = text.plist.xml; path = Info.plist; sourceTree = "<group>"; };
		2F36A730277DA2FB005D27BF /* DictionaryAppTests.xctest */ = {isa = PBXFileReference; explicitFileType = wrapper.cfbundle; includeInIndex = 0; path = DictionaryAppTests.xctest; sourceTree = BUILT_PRODUCTS_DIR; };
		2F36A734277DA2FB005D27BF /* DictionaryAppTests.swift */ = {isa = PBXFileReference; lastKnownFileType = sourcecode.swift; path = DictionaryAppTests.swift; sourceTree = "<group>"; };
		2F36A73A277DA2FB005D27BF /* DictionaryAppUITests.xctest */ = {isa = PBXFileReference; explicitFileType = wrapper.cfbundle; includeInIndex = 0; path = DictionaryAppUITests.xctest; sourceTree = BUILT_PRODUCTS_DIR; };
		2F36A73E277DA2FB005D27BF /* DictionaryAppUITests.swift */ = {isa = PBXFileReference; lastKnownFileType = sourcecode.swift; path = DictionaryAppUITests.swift; sourceTree = "<group>"; };
		2F36A740277DA2FB005D27BF /* DictionaryAppUITestsLaunchTests.swift */ = {isa = PBXFileReference; lastKnownFileType = sourcecode.swift; path = DictionaryAppUITestsLaunchTests.swift; sourceTree = "<group>"; };
		334062081109C8FF548E7B65 /* Pods-DictionaryAppTests.debug.xcconfig */ = {isa = PBXFileReference; includeInIndex = 1; lastKnownFileType = text.xcconfig; name = "Pods-DictionaryAppTests.debug.xcconfig"; path = "Target Support Files/Pods-DictionaryAppTests/Pods-DictionaryAppTests.debug.xcconfig"; sourceTree = "<group>"; };
		603B6934FB4216E7F513AE14 /* Pods-DictionaryApp.release.xcconfig */ = {isa = PBXFileReference; includeInIndex = 1; lastKnownFileType = text.xcconfig; name = "Pods-DictionaryApp.release.xcconfig"; path = "Target Support Files/Pods-DictionaryApp/Pods-DictionaryApp.release.xcconfig"; sourceTree = "<group>"; };
		6789DF65AA1F1A0DFCF9F8E2 /* Pods-DictionaryApp.debug.xcconfig */ = {isa = PBXFileReference; includeInIndex = 1; lastKnownFileType = text.xcconfig; name = "Pods-DictionaryApp.debug.xcconfig"; path = "Target Support Files/Pods-DictionaryApp/Pods-DictionaryApp.debug.xcconfig"; sourceTree = "<group>"; };
		939E26C0CB7EEBA2EA0E16AD /* Pods-DictionaryApp-DictionaryAppUITests.debug.xcconfig */ = {isa = PBXFileReference; includeInIndex = 1; lastKnownFileType = text.xcconfig; name = "Pods-DictionaryApp-DictionaryAppUITests.debug.xcconfig"; path = "Target Support Files/Pods-DictionaryApp-DictionaryAppUITests/Pods-DictionaryApp-DictionaryAppUITests.debug.xcconfig"; sourceTree = "<group>"; };
		9A8E86EE1B08A7A6FF077E75 /* Pods-DictionaryApp-DictionaryAppUITests.release.xcconfig */ = {isa = PBXFileReference; includeInIndex = 1; lastKnownFileType = text.xcconfig; name = "Pods-DictionaryApp-DictionaryAppUITests.release.xcconfig"; path = "Target Support Files/Pods-DictionaryApp-DictionaryAppUITests/Pods-DictionaryApp-DictionaryAppUITests.release.xcconfig"; sourceTree = "<group>"; };
		B483A68D27AD82A3603286EC /* Pods_DictionaryAppTests.framework */ = {isa = PBXFileReference; explicitFileType = wrapper.framework; includeInIndex = 0; path = Pods_DictionaryAppTests.framework; sourceTree = BUILT_PRODUCTS_DIR; };
		D758BD259914748FFCFFEDF2 /* Pods_DictionaryApp.framework */ = {isa = PBXFileReference; explicitFileType = wrapper.framework; includeInIndex = 0; path = Pods_DictionaryApp.framework; sourceTree = BUILT_PRODUCTS_DIR; };
/* End PBXFileReference section */

/* Begin PBXFrameworksBuildPhase section */
		2F36A717277DA2FA005D27BF /* Frameworks */ = {
			isa = PBXFrameworksBuildPhase;
			buildActionMask = 2147483647;
			files = (
				533E2527163BFA54A66AAEB1 /* Pods_DictionaryApp.framework in Frameworks */,
			);
			runOnlyForDeploymentPostprocessing = 0;
		};
		2F36A72D277DA2FB005D27BF /* Frameworks */ = {
			isa = PBXFrameworksBuildPhase;
			buildActionMask = 2147483647;
			files = (
				7AB3FF10DA4084740C88B8B5 /* Pods_DictionaryAppTests.framework in Frameworks */,
			);
			runOnlyForDeploymentPostprocessing = 0;
		};
		2F36A737277DA2FB005D27BF /* Frameworks */ = {
			isa = PBXFrameworksBuildPhase;
			buildActionMask = 2147483647;
			files = (
				4CC65F3B39BA6DFC6775D73D /* Pods_DictionaryApp_DictionaryAppUITests.framework in Frameworks */,
			);
			runOnlyForDeploymentPostprocessing = 0;
		};
/* End PBXFrameworksBuildPhase section */

/* Begin PBXGroup section */
		2F36A711277DA2FA005D27BF = {
			isa = PBXGroup;
			children = (
				2F36A71C277DA2FA005D27BF /* DictionaryApp */,
				2F36A733277DA2FB005D27BF /* DictionaryAppTests */,
				2F36A73D277DA2FB005D27BF /* DictionaryAppUITests */,
				2F36A71B277DA2FA005D27BF /* Products */,
				F596750F840BEF5D51C82150 /* Pods */,
				60994C272CAF4BA25996BCA9 /* Frameworks */,
			);
			sourceTree = "<group>";
		};
		2F36A71B277DA2FA005D27BF /* Products */ = {
			isa = PBXGroup;
			children = (
				2F36A71A277DA2FA005D27BF /* DictionaryApp.app */,
				2F36A730277DA2FB005D27BF /* DictionaryAppTests.xctest */,
				2F36A73A277DA2FB005D27BF /* DictionaryAppUITests.xctest */,
			);
			name = Products;
			sourceTree = "<group>";
		};
		2F36A71C277DA2FA005D27BF /* DictionaryApp */ = {
			isa = PBXGroup;
			children = (
				2F36A74D277DA312005D27BF /* Root */,
				2F36A74E277DA31D005D27BF /* SupportedFiles */,
			);
			path = DictionaryApp;
			sourceTree = "<group>";
		};
		2F36A733277DA2FB005D27BF /* DictionaryAppTests */ = {
			isa = PBXGroup;
			children = (
				2F36A734277DA2FB005D27BF /* DictionaryAppTests.swift */,
			);
			path = DictionaryAppTests;
			sourceTree = "<group>";
		};
		2F36A73D277DA2FB005D27BF /* DictionaryAppUITests */ = {
			isa = PBXGroup;
			children = (
				2F36A73E277DA2FB005D27BF /* DictionaryAppUITests.swift */,
				2F36A740277DA2FB005D27BF /* DictionaryAppUITestsLaunchTests.swift */,
			);
			path = DictionaryAppUITests;
			sourceTree = "<group>";
		};
		2F36A74D277DA312005D27BF /* Root */ = {
			isa = PBXGroup;
			children = (
				2F36A71D277DA2FA005D27BF /* AppDelegate.swift */,
			);
			path = Root;
			sourceTree = "<group>";
		};
		2F36A74E277DA31D005D27BF /* SupportedFiles */ = {
			isa = PBXGroup;
			children = (
				2F36A726277DA2FB005D27BF /* Assets.xcassets */,
				2F36A728277DA2FB005D27BF /* LaunchScreen.storyboard */,
				2F36A72B277DA2FB005D27BF /* Info.plist */,
			);
			path = SupportedFiles;
			sourceTree = "<group>";
		};
		60994C272CAF4BA25996BCA9 /* Frameworks */ = {
			isa = PBXGroup;
			children = (
				D758BD259914748FFCFFEDF2 /* Pods_DictionaryApp.framework */,
				28FA81084E91606EBBB35C6A /* Pods_DictionaryApp_DictionaryAppUITests.framework */,
				B483A68D27AD82A3603286EC /* Pods_DictionaryAppTests.framework */,
			);
			name = Frameworks;
			sourceTree = "<group>";
		};
		F596750F840BEF5D51C82150 /* Pods */ = {
			isa = PBXGroup;
			children = (
				6789DF65AA1F1A0DFCF9F8E2 /* Pods-DictionaryApp.debug.xcconfig */,
				603B6934FB4216E7F513AE14 /* Pods-DictionaryApp.release.xcconfig */,
				939E26C0CB7EEBA2EA0E16AD /* Pods-DictionaryApp-DictionaryAppUITests.debug.xcconfig */,
				9A8E86EE1B08A7A6FF077E75 /* Pods-DictionaryApp-DictionaryAppUITests.release.xcconfig */,
				334062081109C8FF548E7B65 /* Pods-DictionaryAppTests.debug.xcconfig */,
				1331B2DE044FE31DD2DC3C2F /* Pods-DictionaryAppTests.release.xcconfig */,
			);
			path = Pods;
			sourceTree = "<group>";
		};
/* End PBXGroup section */

/* Begin PBXNativeTarget section */
		2F36A719277DA2FA005D27BF /* DictionaryApp */ = {
			isa = PBXNativeTarget;
			buildConfigurationList = 2F36A744277DA2FB005D27BF /* Build configuration list for PBXNativeTarget "DictionaryApp" */;
			buildPhases = (
				345D59D10D823B74673B62A6 /* [CP] Check Pods Manifest.lock */,
				2F36A716277DA2FA005D27BF /* Sources */,
				2F36A717277DA2FA005D27BF /* Frameworks */,
				2F36A718277DA2FA005D27BF /* Resources */,
				2F36A750277DA603005D27BF /* SwiftLint */,
			);
			buildRules = (
			);
			dependencies = (
			);
			name = DictionaryApp;
			productName = DictionaryApp;
			productReference = 2F36A71A277DA2FA005D27BF /* DictionaryApp.app */;
			productType = "com.apple.product-type.application";
		};
		2F36A72F277DA2FB005D27BF /* DictionaryAppTests */ = {
			isa = PBXNativeTarget;
			buildConfigurationList = 2F36A747277DA2FB005D27BF /* Build configuration list for PBXNativeTarget "DictionaryAppTests" */;
			buildPhases = (
				9C79803A4950572592EBD988 /* [CP] Check Pods Manifest.lock */,
				2F36A72C277DA2FB005D27BF /* Sources */,
				2F36A72D277DA2FB005D27BF /* Frameworks */,
				2F36A72E277DA2FB005D27BF /* Resources */,
			);
			buildRules = (
			);
			dependencies = (
				2F36A732277DA2FB005D27BF /* PBXTargetDependency */,
			);
			name = DictionaryAppTests;
			productName = DictionaryAppTests;
			productReference = 2F36A730277DA2FB005D27BF /* DictionaryAppTests.xctest */;
			productType = "com.apple.product-type.bundle.unit-test";
		};
		2F36A739277DA2FB005D27BF /* DictionaryAppUITests */ = {
			isa = PBXNativeTarget;
			buildConfigurationList = 2F36A74A277DA2FB005D27BF /* Build configuration list for PBXNativeTarget "DictionaryAppUITests" */;
			buildPhases = (
				65D73559C48EB86AABECEC81 /* [CP] Check Pods Manifest.lock */,
				2F36A736277DA2FB005D27BF /* Sources */,
				2F36A737277DA2FB005D27BF /* Frameworks */,
				2F36A738277DA2FB005D27BF /* Resources */,
			);
			buildRules = (
			);
			dependencies = (
				2F36A73C277DA2FB005D27BF /* PBXTargetDependency */,
			);
			name = DictionaryAppUITests;
			productName = DictionaryAppUITests;
			productReference = 2F36A73A277DA2FB005D27BF /* DictionaryAppUITests.xctest */;
			productType = "com.apple.product-type.bundle.ui-testing";
		};
/* End PBXNativeTarget section */

/* Begin PBXProject section */
		2F36A712277DA2FA005D27BF /* Project object */ = {
			isa = PBXProject;
			attributes = {
				BuildIndependentTargetsInParallel = 1;
				LastSwiftUpdateCheck = 1320;
				LastUpgradeCheck = 1320;
				TargetAttributes = {
					2F36A719277DA2FA005D27BF = {
						CreatedOnToolsVersion = 13.2.1;
					};
					2F36A72F277DA2FB005D27BF = {
						CreatedOnToolsVersion = 13.2.1;
						TestTargetID = 2F36A719277DA2FA005D27BF;
					};
					2F36A739277DA2FB005D27BF = {
						CreatedOnToolsVersion = 13.2.1;
						TestTargetID = 2F36A719277DA2FA005D27BF;
					};
				};
			};
			buildConfigurationList = 2F36A715277DA2FA005D27BF /* Build configuration list for PBXProject "DictionaryApp" */;
			compatibilityVersion = "Xcode 13.0";
			developmentRegion = en;
			hasScannedForEncodings = 0;
			knownRegions = (
				en,
				Base,
			);
			mainGroup = 2F36A711277DA2FA005D27BF;
			productRefGroup = 2F36A71B277DA2FA005D27BF /* Products */;
			projectDirPath = "";
			projectRoot = "";
			targets = (
				2F36A719277DA2FA005D27BF /* DictionaryApp */,
				2F36A72F277DA2FB005D27BF /* DictionaryAppTests */,
				2F36A739277DA2FB005D27BF /* DictionaryAppUITests */,
			);
		};
/* End PBXProject section */

/* Begin PBXResourcesBuildPhase section */
		2F36A718277DA2FA005D27BF /* Resources */ = {
			isa = PBXResourcesBuildPhase;
			buildActionMask = 2147483647;
			files = (
				2F36A72A277DA2FB005D27BF /* LaunchScreen.storyboard in Resources */,
				2F36A727277DA2FB005D27BF /* Assets.xcassets in Resources */,
			);
			runOnlyForDeploymentPostprocessing = 0;
		};
		2F36A72E277DA2FB005D27BF /* Resources */ = {
			isa = PBXResourcesBuildPhase;
			buildActionMask = 2147483647;
			files = (
			);
			runOnlyForDeploymentPostprocessing = 0;
		};
		2F36A738277DA2FB005D27BF /* Resources */ = {
			isa = PBXResourcesBuildPhase;
			buildActionMask = 2147483647;
			files = (
			);
			runOnlyForDeploymentPostprocessing = 0;
		};
/* End PBXResourcesBuildPhase section */

/* Begin PBXShellScriptBuildPhase section */
		2F36A750277DA603005D27BF /* SwiftLint */ = {
			isa = PBXShellScriptBuildPhase;
			buildActionMask = 2147483647;
			files = (
			);
			inputFileListPaths = (
			);
			inputPaths = (
			);
			name = SwiftLint;
			outputFileListPaths = (
			);
			outputPaths = (
			);
			runOnlyForDeploymentPostprocessing = 0;
			shellPath = /bin/sh;
			shellScript = "# Type a script or drag a script file from your workspace to insert its path.\n\"${PODS_ROOT}/SwiftLint/swiftlint\"\n";
		};
		345D59D10D823B74673B62A6 /* [CP] Check Pods Manifest.lock */ = {
			isa = PBXShellScriptBuildPhase;
			buildActionMask = 2147483647;
			files = (
			);
			inputFileListPaths = (
			);
			inputPaths = (
				"${PODS_PODFILE_DIR_PATH}/Podfile.lock",
				"${PODS_ROOT}/Manifest.lock",
			);
			name = "[CP] Check Pods Manifest.lock";
			outputFileListPaths = (
			);
			outputPaths = (
				"$(DERIVED_FILE_DIR)/Pods-DictionaryApp-checkManifestLockResult.txt",
			);
			runOnlyForDeploymentPostprocessing = 0;
			shellPath = /bin/sh;
			shellScript = "diff \"${PODS_PODFILE_DIR_PATH}/Podfile.lock\" \"${PODS_ROOT}/Manifest.lock\" > /dev/null\nif [ $? != 0 ] ; then\n    # print error to STDERR\n    echo \"error: The sandbox is not in sync with the Podfile.lock. Run 'pod install' or update your CocoaPods installation.\" >&2\n    exit 1\nfi\n# This output is used by Xcode 'outputs' to avoid re-running this script phase.\necho \"SUCCESS\" > \"${SCRIPT_OUTPUT_FILE_0}\"\n";
			showEnvVarsInLog = 0;
		};
		65D73559C48EB86AABECEC81 /* [CP] Check Pods Manifest.lock */ = {
			isa = PBXShellScriptBuildPhase;
			buildActionMask = 2147483647;
			files = (
			);
			inputFileListPaths = (
			);
			inputPaths = (
				"${PODS_PODFILE_DIR_PATH}/Podfile.lock",
				"${PODS_ROOT}/Manifest.lock",
			);
			name = "[CP] Check Pods Manifest.lock";
			outputFileListPaths = (
			);
			outputPaths = (
				"$(DERIVED_FILE_DIR)/Pods-DictionaryApp-DictionaryAppUITests-checkManifestLockResult.txt",
			);
			runOnlyForDeploymentPostprocessing = 0;
			shellPath = /bin/sh;
			shellScript = "diff \"${PODS_PODFILE_DIR_PATH}/Podfile.lock\" \"${PODS_ROOT}/Manifest.lock\" > /dev/null\nif [ $? != 0 ] ; then\n    # print error to STDERR\n    echo \"error: The sandbox is not in sync with the Podfile.lock. Run 'pod install' or update your CocoaPods installation.\" >&2\n    exit 1\nfi\n# This output is used by Xcode 'outputs' to avoid re-running this script phase.\necho \"SUCCESS\" > \"${SCRIPT_OUTPUT_FILE_0}\"\n";
			showEnvVarsInLog = 0;
		};
		9C79803A4950572592EBD988 /* [CP] Check Pods Manifest.lock */ = {
			isa = PBXShellScriptBuildPhase;
			buildActionMask = 2147483647;
			files = (
			);
			inputFileListPaths = (
			);
			inputPaths = (
				"${PODS_PODFILE_DIR_PATH}/Podfile.lock",
				"${PODS_ROOT}/Manifest.lock",
			);
			name = "[CP] Check Pods Manifest.lock";
			outputFileListPaths = (
			);
			outputPaths = (
				"$(DERIVED_FILE_DIR)/Pods-DictionaryAppTests-checkManifestLockResult.txt",
			);
			runOnlyForDeploymentPostprocessing = 0;
			shellPath = /bin/sh;
			shellScript = "diff \"${PODS_PODFILE_DIR_PATH}/Podfile.lock\" \"${PODS_ROOT}/Manifest.lock\" > /dev/null\nif [ $? != 0 ] ; then\n    # print error to STDERR\n    echo \"error: The sandbox is not in sync with the Podfile.lock. Run 'pod install' or update your CocoaPods installation.\" >&2\n    exit 1\nfi\n# This output is used by Xcode 'outputs' to avoid re-running this script phase.\necho \"SUCCESS\" > \"${SCRIPT_OUTPUT_FILE_0}\"\n";
			showEnvVarsInLog = 0;
		};
/* End PBXShellScriptBuildPhase section */

/* Begin PBXSourcesBuildPhase section */
		2F36A716277DA2FA005D27BF /* Sources */ = {
			isa = PBXSourcesBuildPhase;
			buildActionMask = 2147483647;
			files = (
				2F36A71E277DA2FA005D27BF /* AppDelegate.swift in Sources */,
			);
			runOnlyForDeploymentPostprocessing = 0;
		};
		2F36A72C277DA2FB005D27BF /* Sources */ = {
			isa = PBXSourcesBuildPhase;
			buildActionMask = 2147483647;
			files = (
				2F36A735277DA2FB005D27BF /* DictionaryAppTests.swift in Sources */,
			);
			runOnlyForDeploymentPostprocessing = 0;
		};
		2F36A736277DA2FB005D27BF /* Sources */ = {
			isa = PBXSourcesBuildPhase;
			buildActionMask = 2147483647;
			files = (
				2F36A741277DA2FB005D27BF /* DictionaryAppUITestsLaunchTests.swift in Sources */,
				2F36A73F277DA2FB005D27BF /* DictionaryAppUITests.swift in Sources */,
			);
			runOnlyForDeploymentPostprocessing = 0;
		};
/* End PBXSourcesBuildPhase section */

/* Begin PBXTargetDependency section */
		2F36A732277DA2FB005D27BF /* PBXTargetDependency */ = {
			isa = PBXTargetDependency;
			target = 2F36A719277DA2FA005D27BF /* DictionaryApp */;
			targetProxy = 2F36A731277DA2FB005D27BF /* PBXContainerItemProxy */;
		};
		2F36A73C277DA2FB005D27BF /* PBXTargetDependency */ = {
			isa = PBXTargetDependency;
			target = 2F36A719277DA2FA005D27BF /* DictionaryApp */;
			targetProxy = 2F36A73B277DA2FB005D27BF /* PBXContainerItemProxy */;
		};
/* End PBXTargetDependency section */

/* Begin PBXVariantGroup section */
		2F36A728277DA2FB005D27BF /* LaunchScreen.storyboard */ = {
			isa = PBXVariantGroup;
			children = (
				2F36A729277DA2FB005D27BF /* Base */,
			);
			name = LaunchScreen.storyboard;
			sourceTree = "<group>";
		};
/* End PBXVariantGroup section */

/* Begin XCBuildConfiguration section */
		2F36A742277DA2FB005D27BF /* Debug */ = {
			isa = XCBuildConfiguration;
			buildSettings = {
				ALWAYS_SEARCH_USER_PATHS = NO;
				CLANG_ANALYZER_NONNULL = YES;
				CLANG_ANALYZER_NUMBER_OBJECT_CONVERSION = YES_AGGRESSIVE;
				CLANG_CXX_LANGUAGE_STANDARD = "gnu++17";
				CLANG_CXX_LIBRARY = "libc++";
				CLANG_ENABLE_MODULES = YES;
				CLANG_ENABLE_OBJC_ARC = YES;
				CLANG_ENABLE_OBJC_WEAK = YES;
				CLANG_WARN_BLOCK_CAPTURE_AUTORELEASING = YES;
				CLANG_WARN_BOOL_CONVERSION = YES;
				CLANG_WARN_COMMA = YES;
				CLANG_WARN_CONSTANT_CONVERSION = YES;
				CLANG_WARN_DEPRECATED_OBJC_IMPLEMENTATIONS = YES;
				CLANG_WARN_DIRECT_OBJC_ISA_USAGE = YES_ERROR;
				CLANG_WARN_DOCUMENTATION_COMMENTS = YES;
				CLANG_WARN_EMPTY_BODY = YES;
				CLANG_WARN_ENUM_CONVERSION = YES;
				CLANG_WARN_INFINITE_RECURSION = YES;
				CLANG_WARN_INT_CONVERSION = YES;
				CLANG_WARN_NON_LITERAL_NULL_CONVERSION = YES;
				CLANG_WARN_OBJC_IMPLICIT_RETAIN_SELF = YES;
				CLANG_WARN_OBJC_LITERAL_CONVERSION = YES;
				CLANG_WARN_OBJC_ROOT_CLASS = YES_ERROR;
				CLANG_WARN_QUOTED_INCLUDE_IN_FRAMEWORK_HEADER = YES;
				CLANG_WARN_RANGE_LOOP_ANALYSIS = YES;
				CLANG_WARN_STRICT_PROTOTYPES = YES;
				CLANG_WARN_SUSPICIOUS_MOVE = YES;
				CLANG_WARN_UNGUARDED_AVAILABILITY = YES_AGGRESSIVE;
				CLANG_WARN_UNREACHABLE_CODE = YES;
				CLANG_WARN__DUPLICATE_METHOD_MATCH = YES;
				COPY_PHASE_STRIP = NO;
				DEBUG_INFORMATION_FORMAT = dwarf;
				ENABLE_STRICT_OBJC_MSGSEND = YES;
				ENABLE_TESTABILITY = YES;
				GCC_C_LANGUAGE_STANDARD = gnu11;
				GCC_DYNAMIC_NO_PIC = NO;
				GCC_NO_COMMON_BLOCKS = YES;
				GCC_OPTIMIZATION_LEVEL = 0;
				GCC_PREPROCESSOR_DEFINITIONS = (
					"DEBUG=1",
					"$(inherited)",
				);
				GCC_WARN_64_TO_32_BIT_CONVERSION = YES;
				GCC_WARN_ABOUT_RETURN_TYPE = YES_ERROR;
				GCC_WARN_UNDECLARED_SELECTOR = YES;
				GCC_WARN_UNINITIALIZED_AUTOS = YES_AGGRESSIVE;
				GCC_WARN_UNUSED_FUNCTION = YES;
				GCC_WARN_UNUSED_VARIABLE = YES;
				IPHONEOS_DEPLOYMENT_TARGET = 11.0;
				MTL_ENABLE_DEBUG_INFO = INCLUDE_SOURCE;
				MTL_FAST_MATH = YES;
				ONLY_ACTIVE_ARCH = YES;
				SDKROOT = iphoneos;
				SWIFT_ACTIVE_COMPILATION_CONDITIONS = DEBUG;
				SWIFT_OPTIMIZATION_LEVEL = "-Onone";
			};
			name = Debug;
		};
		2F36A743277DA2FB005D27BF /* Release */ = {
			isa = XCBuildConfiguration;
			buildSettings = {
				ALWAYS_SEARCH_USER_PATHS = NO;
				CLANG_ANALYZER_NONNULL = YES;
				CLANG_ANALYZER_NUMBER_OBJECT_CONVERSION = YES_AGGRESSIVE;
				CLANG_CXX_LANGUAGE_STANDARD = "gnu++17";
				CLANG_CXX_LIBRARY = "libc++";
				CLANG_ENABLE_MODULES = YES;
				CLANG_ENABLE_OBJC_ARC = YES;
				CLANG_ENABLE_OBJC_WEAK = YES;
				CLANG_WARN_BLOCK_CAPTURE_AUTORELEASING = YES;
				CLANG_WARN_BOOL_CONVERSION = YES;
				CLANG_WARN_COMMA = YES;
				CLANG_WARN_CONSTANT_CONVERSION = YES;
				CLANG_WARN_DEPRECATED_OBJC_IMPLEMENTATIONS = YES;
				CLANG_WARN_DIRECT_OBJC_ISA_USAGE = YES_ERROR;
				CLANG_WARN_DOCUMENTATION_COMMENTS = YES;
				CLANG_WARN_EMPTY_BODY = YES;
				CLANG_WARN_ENUM_CONVERSION = YES;
				CLANG_WARN_INFINITE_RECURSION = YES;
				CLANG_WARN_INT_CONVERSION = YES;
				CLANG_WARN_NON_LITERAL_NULL_CONVERSION = YES;
				CLANG_WARN_OBJC_IMPLICIT_RETAIN_SELF = YES;
				CLANG_WARN_OBJC_LITERAL_CONVERSION = YES;
				CLANG_WARN_OBJC_ROOT_CLASS = YES_ERROR;
				CLANG_WARN_QUOTED_INCLUDE_IN_FRAMEWORK_HEADER = YES;
				CLANG_WARN_RANGE_LOOP_ANALYSIS = YES;
				CLANG_WARN_STRICT_PROTOTYPES = YES;
				CLANG_WARN_SUSPICIOUS_MOVE = YES;
				CLANG_WARN_UNGUARDED_AVAILABILITY = YES_AGGRESSIVE;
				CLANG_WARN_UNREACHABLE_CODE = YES;
				CLANG_WARN__DUPLICATE_METHOD_MATCH = YES;
				COPY_PHASE_STRIP = NO;
				DEBUG_INFORMATION_FORMAT = "dwarf-with-dsym";
				ENABLE_NS_ASSERTIONS = NO;
				ENABLE_STRICT_OBJC_MSGSEND = YES;
				GCC_C_LANGUAGE_STANDARD = gnu11;
				GCC_NO_COMMON_BLOCKS = YES;
				GCC_WARN_64_TO_32_BIT_CONVERSION = YES;
				GCC_WARN_ABOUT_RETURN_TYPE = YES_ERROR;
				GCC_WARN_UNDECLARED_SELECTOR = YES;
				GCC_WARN_UNINITIALIZED_AUTOS = YES_AGGRESSIVE;
				GCC_WARN_UNUSED_FUNCTION = YES;
				GCC_WARN_UNUSED_VARIABLE = YES;
				IPHONEOS_DEPLOYMENT_TARGET = 11.0;
				MTL_ENABLE_DEBUG_INFO = NO;
				MTL_FAST_MATH = YES;
				SDKROOT = iphoneos;
				SWIFT_COMPILATION_MODE = wholemodule;
				SWIFT_OPTIMIZATION_LEVEL = "-O";
				VALIDATE_PRODUCT = YES;
			};
			name = Release;
		};
		2F36A745277DA2FB005D27BF /* Debug */ = {
			isa = XCBuildConfiguration;
			baseConfigurationReference = 6789DF65AA1F1A0DFCF9F8E2 /* Pods-DictionaryApp.debug.xcconfig */;
			buildSettings = {
				ASSETCATALOG_COMPILER_APPICON_NAME = AppIcon;
				ASSETCATALOG_COMPILER_GLOBAL_ACCENT_COLOR_NAME = AccentColor;
				CODE_SIGN_STYLE = Automatic;
				CURRENT_PROJECT_VERSION = 1;
				DEVELOPMENT_TEAM = GHXPN8A4H7;
				GENERATE_INFOPLIST_FILE = YES;
				INFOPLIST_FILE = DictionaryApp/SupportedFiles/Info.plist;
				INFOPLIST_KEY_UIApplicationSupportsIndirectInputEvents = YES;
				INFOPLIST_KEY_UILaunchStoryboardName = LaunchScreen;
				INFOPLIST_KEY_UISupportedInterfaceOrientations_iPad = "UIInterfaceOrientationPortrait UIInterfaceOrientationPortraitUpsideDown UIInterfaceOrientationLandscapeLeft UIInterfaceOrientationLandscapeRight";
				INFOPLIST_KEY_UISupportedInterfaceOrientations_iPhone = "UIInterfaceOrientationPortrait UIInterfaceOrientationLandscapeLeft UIInterfaceOrientationLandscapeRight";
				LD_RUNPATH_SEARCH_PATHS = (
					"$(inherited)",
					"@executable_path/Frameworks",
				);
				MARKETING_VERSION = 1.0;
				PRODUCT_BUNDLE_IDENTIFIER = com.muzle.DictionaryApp;
				PRODUCT_NAME = "$(TARGET_NAME)";
				SWIFT_EMIT_LOC_STRINGS = YES;
				SWIFT_VERSION = 5.0;
				TARGETED_DEVICE_FAMILY = "1,2";
			};
			name = Debug;
		};
		2F36A746277DA2FB005D27BF /* Release */ = {
			isa = XCBuildConfiguration;
			baseConfigurationReference = 603B6934FB4216E7F513AE14 /* Pods-DictionaryApp.release.xcconfig */;
			buildSettings = {
				ASSETCATALOG_COMPILER_APPICON_NAME = AppIcon;
				ASSETCATALOG_COMPILER_GLOBAL_ACCENT_COLOR_NAME = AccentColor;
				CODE_SIGN_STYLE = Automatic;
				CURRENT_PROJECT_VERSION = 1;
				DEVELOPMENT_TEAM = GHXPN8A4H7;
				GENERATE_INFOPLIST_FILE = YES;
				INFOPLIST_FILE = DictionaryApp/SupportedFiles/Info.plist;
				INFOPLIST_KEY_UIApplicationSupportsIndirectInputEvents = YES;
				INFOPLIST_KEY_UILaunchStoryboardName = LaunchScreen;
				INFOPLIST_KEY_UISupportedInterfaceOrientations_iPad = "UIInterfaceOrientationPortrait UIInterfaceOrientationPortraitUpsideDown UIInterfaceOrientationLandscapeLeft UIInterfaceOrientationLandscapeRight";
				INFOPLIST_KEY_UISupportedInterfaceOrientations_iPhone = "UIInterfaceOrientationPortrait UIInterfaceOrientationLandscapeLeft UIInterfaceOrientationLandscapeRight";
				LD_RUNPATH_SEARCH_PATHS = (
					"$(inherited)",
					"@executable_path/Frameworks",
				);
				MARKETING_VERSION = 1.0;
				PRODUCT_BUNDLE_IDENTIFIER = com.muzle.DictionaryApp;
				PRODUCT_NAME = "$(TARGET_NAME)";
				SWIFT_EMIT_LOC_STRINGS = YES;
				SWIFT_VERSION = 5.0;
				TARGETED_DEVICE_FAMILY = "1,2";
			};
			name = Release;
		};
		2F36A748277DA2FB005D27BF /* Debug */ = {
			isa = XCBuildConfiguration;
			baseConfigurationReference = 334062081109C8FF548E7B65 /* Pods-DictionaryAppTests.debug.xcconfig */;
			buildSettings = {
				ALWAYS_EMBED_SWIFT_STANDARD_LIBRARIES = YES;
				BUNDLE_LOADER = "$(TEST_HOST)";
				CODE_SIGN_STYLE = Automatic;
				CURRENT_PROJECT_VERSION = 1;
				DEVELOPMENT_TEAM = GHXPN8A4H7;
				GENERATE_INFOPLIST_FILE = YES;
				IPHONEOS_DEPLOYMENT_TARGET = 15.2;
				MARKETING_VERSION = 1.0;
				PRODUCT_BUNDLE_IDENTIFIER = com.muzle.DictionaryAppTests;
				PRODUCT_NAME = "$(TARGET_NAME)";
				SWIFT_EMIT_LOC_STRINGS = NO;
				SWIFT_VERSION = 5.0;
				TARGETED_DEVICE_FAMILY = "1,2";
				TEST_HOST = "$(BUILT_PRODUCTS_DIR)/DictionaryApp.app/DictionaryApp";
			};
			name = Debug;
		};
		2F36A749277DA2FB005D27BF /* Release */ = {
			isa = XCBuildConfiguration;
			baseConfigurationReference = 1331B2DE044FE31DD2DC3C2F /* Pods-DictionaryAppTests.release.xcconfig */;
			buildSettings = {
				ALWAYS_EMBED_SWIFT_STANDARD_LIBRARIES = YES;
				BUNDLE_LOADER = "$(TEST_HOST)";
				CODE_SIGN_STYLE = Automatic;
				CURRENT_PROJECT_VERSION = 1;
				DEVELOPMENT_TEAM = GHXPN8A4H7;
				GENERATE_INFOPLIST_FILE = YES;
				IPHONEOS_DEPLOYMENT_TARGET = 15.2;
				MARKETING_VERSION = 1.0;
				PRODUCT_BUNDLE_IDENTIFIER = com.muzle.DictionaryAppTests;
				PRODUCT_NAME = "$(TARGET_NAME)";
				SWIFT_EMIT_LOC_STRINGS = NO;
				SWIFT_VERSION = 5.0;
				TARGETED_DEVICE_FAMILY = "1,2";
				TEST_HOST = "$(BUILT_PRODUCTS_DIR)/DictionaryApp.app/DictionaryApp";
			};
			name = Release;
		};
		2F36A74B277DA2FB005D27BF /* Debug */ = {
			isa = XCBuildConfiguration;
			baseConfigurationReference = 939E26C0CB7EEBA2EA0E16AD /* Pods-DictionaryApp-DictionaryAppUITests.debug.xcconfig */;
			buildSettings = {
				ALWAYS_EMBED_SWIFT_STANDARD_LIBRARIES = YES;
				CODE_SIGN_STYLE = Automatic;
				CURRENT_PROJECT_VERSION = 1;
				DEVELOPMENT_TEAM = GHXPN8A4H7;
				GENERATE_INFOPLIST_FILE = YES;
				MARKETING_VERSION = 1.0;
				PRODUCT_BUNDLE_IDENTIFIER = com.muzle.DictionaryAppUITests;
				PRODUCT_NAME = "$(TARGET_NAME)";
				SWIFT_EMIT_LOC_STRINGS = NO;
				SWIFT_VERSION = 5.0;
				TARGETED_DEVICE_FAMILY = "1,2";
				TEST_TARGET_NAME = DictionaryApp;
			};
			name = Debug;
		};
		2F36A74C277DA2FB005D27BF /* Release */ = {
			isa = XCBuildConfiguration;
			baseConfigurationReference = 9A8E86EE1B08A7A6FF077E75 /* Pods-DictionaryApp-DictionaryAppUITests.release.xcconfig */;
			buildSettings = {
				ALWAYS_EMBED_SWIFT_STANDARD_LIBRARIES = YES;
				CODE_SIGN_STYLE = Automatic;
				CURRENT_PROJECT_VERSION = 1;
				DEVELOPMENT_TEAM = GHXPN8A4H7;
				GENERATE_INFOPLIST_FILE = YES;
				MARKETING_VERSION = 1.0;
				PRODUCT_BUNDLE_IDENTIFIER = com.muzle.DictionaryAppUITests;
				PRODUCT_NAME = "$(TARGET_NAME)";
				SWIFT_EMIT_LOC_STRINGS = NO;
				SWIFT_VERSION = 5.0;
				TARGETED_DEVICE_FAMILY = "1,2";
				TEST_TARGET_NAME = DictionaryApp;
			};
			name = Release;
		};
/* End XCBuildConfiguration section */

/* Begin XCConfigurationList section */
		2F36A715277DA2FA005D27BF /* Build configuration list for PBXProject "DictionaryApp" */ = {
			isa = XCConfigurationList;
			buildConfigurations = (
				2F36A742277DA2FB005D27BF /* Debug */,
				2F36A743277DA2FB005D27BF /* Release */,
			);
			defaultConfigurationIsVisible = 0;
			defaultConfigurationName = Release;
		};
		2F36A744277DA2FB005D27BF /* Build configuration list for PBXNativeTarget "DictionaryApp" */ = {
			isa = XCConfigurationList;
			buildConfigurations = (
				2F36A745277DA2FB005D27BF /* Debug */,
				2F36A746277DA2FB005D27BF /* Release */,
			);
			defaultConfigurationIsVisible = 0;
			defaultConfigurationName = Release;
		};
		2F36A747277DA2FB005D27BF /* Build configuration list for PBXNativeTarget "DictionaryAppTests" */ = {
			isa = XCConfigurationList;
			buildConfigurations = (
				2F36A748277DA2FB005D27BF /* Debug */,
				2F36A749277DA2FB005D27BF /* Release */,
			);
			defaultConfigurationIsVisible = 0;
			defaultConfigurationName = Release;
		};
		2F36A74A277DA2FB005D27BF /* Build configuration list for PBXNativeTarget "DictionaryAppUITests" */ = {
			isa = XCConfigurationList;
			buildConfigurations = (
				2F36A74B277DA2FB005D27BF /* Debug */,
				2F36A74C277DA2FB005D27BF /* Release */,
			);
			defaultConfigurationIsVisible = 0;
			defaultConfigurationName = Release;
		};
/* End XCConfigurationList section */
	};
	rootObject = 2F36A712277DA2FA005D27BF /* Project object */;
}
